// !$*UTF8*$!
{
	archiveVersion = 1;
	classes = {
	};
	objectVersion = 55;
	objects = {

/* Begin PBXBuildFile section */
		D643D695279A7B6400E02D73 /* AppDelegate.swift in Sources */ = {isa = PBXBuildFile; fileRef = D643D694279A7B6400E02D73 /* AppDelegate.swift */; };
		D643D697279A7B6400E02D73 /* SceneDelegate.swift in Sources */ = {isa = PBXBuildFile; fileRef = D643D696279A7B6400E02D73 /* SceneDelegate.swift */; };
		D643D699279A7B6400E02D73 /* ViewController.swift in Sources */ = {isa = PBXBuildFile; fileRef = D643D698279A7B6400E02D73 /* ViewController.swift */; };
		D643D69C279A7B6400E02D73 /* Main.storyboard in Resources */ = {isa = PBXBuildFile; fileRef = D643D69A279A7B6400E02D73 /* Main.storyboard */; };
		D643D69E279A7B6500E02D73 /* Assets.xcassets in Resources */ = {isa = PBXBuildFile; fileRef = D643D69D279A7B6500E02D73 /* Assets.xcassets */; };
		D643D6A1279A7B6500E02D73 /* LaunchScreen.storyboard in Resources */ = {isa = PBXBuildFile; fileRef = D643D69F279A7B6500E02D73 /* LaunchScreen.storyboard */; };
		D643D6AA279A7B8900E02D73 /* RxCocoa in Frameworks */ = {isa = PBXBuildFile; productRef = D643D6A9279A7B8900E02D73 /* RxCocoa */; };
		D643D6AC279A7B8900E02D73 /* RxSwift in Frameworks */ = {isa = PBXBuildFile; productRef = D643D6AB279A7B8900E02D73 /* RxSwift */; };
/* End PBXBuildFile section */

/* Begin PBXFileReference section */
		D643D691279A7B6400E02D73 /* Subject.app */ = {isa = PBXFileReference; explicitFileType = wrapper.application; includeInIndex = 0; path = Subject.app; sourceTree = BUILT_PRODUCTS_DIR; };
		D643D694279A7B6400E02D73 /* AppDelegate.swift */ = {isa = PBXFileReference; lastKnownFileType = sourcecode.swift; path = AppDelegate.swift; sourceTree = "<group>"; };
		D643D696279A7B6400E02D73 /* SceneDelegate.swift */ = {isa = PBXFileReference; lastKnownFileType = sourcecode.swift; path = SceneDelegate.swift; sourceTree = "<group>"; };
		D643D698279A7B6400E02D73 /* ViewController.swift */ = {isa = PBXFileReference; lastKnownFileType = sourcecode.swift; path = ViewController.swift; sourceTree = "<group>"; };
		D643D69B279A7B6400E02D73 /* Base */ = {isa = PBXFileReference; lastKnownFileType = file.storyboard; name = Base; path = Base.lproj/Main.storyboard; sourceTree = "<group>"; };
		D643D69D279A7B6500E02D73 /* Assets.xcassets */ = {isa = PBXFileReference; lastKnownFileType = folder.assetcatalog; path = Assets.xcassets; sourceTree = "<group>"; };
		D643D6A0279A7B6500E02D73 /* Base */ = {isa = PBXFileReference; lastKnownFileType = file.storyboard; name = Base; path = Base.lproj/LaunchScreen.storyboard; sourceTree = "<group>"; };
		D643D6A2279A7B6500E02D73 /* Info.plist */ = {isa = PBXFileReference; lastKnownFileType = text.plist.xml; path = Info.plist; sourceTree = "<group>"; };
		D643D6AD279A7BDC00E02D73 /* Subject.playground */ = {isa = PBXFileReference; lastKnownFileType = file.playground; path = Subject.playground; sourceTree = "<group>"; xcLanguageSpecificationIdentifier = xcode.lang.swift; };
/* End PBXFileReference section */

/* Begin PBXFrameworksBuildPhase section */
		D643D68E279A7B6400E02D73 /* Frameworks */ = {
			isa = PBXFrameworksBuildPhase;
			buildActionMask = 2147483647;
			files = (
				D643D6AC279A7B8900E02D73 /* RxSwift in Frameworks */,
				D643D6AA279A7B8900E02D73 /* RxCocoa in Frameworks */,
			);
			runOnlyForDeploymentPostprocessing = 0;
		};
/* End PBXFrameworksBuildPhase section */

/* Begin PBXGroup section */
		D643D688279A7B6400E02D73 = {
			isa = PBXGroup;
			children = (
				D643D6AD279A7BDC00E02D73 /* Subject.playground */,
				D643D693279A7B6400E02D73 /* Subject */,
				D643D692279A7B6400E02D73 /* Products */,
			);
			sourceTree = "<group>";
		};
		D643D692279A7B6400E02D73 /* Products */ = {
			isa = PBXGroup;
			children = (
				D643D691279A7B6400E02D73 /* Subject.app */,
			);
			name = Products;
			sourceTree = "<group>";
		};
		D643D693279A7B6400E02D73 /* Subject */ = {
			isa = PBXGroup;
			children = (
				D643D694279A7B6400E02D73 /* AppDelegate.swift */,
				D643D696279A7B6400E02D73 /* SceneDelegate.swift */,
				D643D698279A7B6400E02D73 /* ViewController.swift */,
				D643D69A279A7B6400E02D73 /* Main.storyboard */,
				D643D69D279A7B6500E02D73 /* Assets.xcassets */,
				D643D69F279A7B6500E02D73 /* LaunchScreen.storyboard */,
				D643D6A2279A7B6500E02D73 /* Info.plist */,
			);
			path = Subject;
			sourceTree = "<group>";
		};
/* End PBXGroup section */

/* Begin PBXNativeTarget section */
		D643D690279A7B6400E02D73 /* Subject */ = {
			isa = PBXNativeTarget;
			buildConfigurationList = D643D6A5279A7B6500E02D73 /* Build configuration list for PBXNativeTarget "Subject" */;
			buildPhases = (
				D643D68D279A7B6400E02D73 /* Sources */,
				D643D68E279A7B6400E02D73 /* Frameworks */,
				D643D68F279A7B6400E02D73 /* Resources */,
			);
			buildRules = (
			);
			dependencies = (
			);
			name = Subject;
			packageProductDependencies = (
				D643D6A9279A7B8900E02D73 /* RxCocoa */,
				D643D6AB279A7B8900E02D73 /* RxSwift */,
			);
			productName = Subject;
			productReference = D643D691279A7B6400E02D73 /* Subject.app */;
			productType = "com.apple.product-type.application";
		};
/* End PBXNativeTarget section */

/* Begin PBXProject section */
		D643D689279A7B6400E02D73 /* Project object */ = {
			isa = PBXProject;
			attributes = {
				BuildIndependentTargetsInParallel = 1;
				LastSwiftUpdateCheck = 1310;
				LastUpgradeCheck = 1310;
				TargetAttributes = {
					D643D690279A7B6400E02D73 = {
						CreatedOnToolsVersion = 13.1;
					};
				};
			};
			buildConfigurationList = D643D68C279A7B6400E02D73 /* Build configuration list for PBXProject "Subject" */;
			compatibilityVersion = "Xcode 13.0";
			developmentRegion = en;
			hasScannedForEncodings = 0;
			knownRegions = (
				en,
				Base,
			);
			mainGroup = D643D688279A7B6400E02D73;
			packageReferences = (
				D643D6A8279A7B8900E02D73 /* XCRemoteSwiftPackageReference "RxSwift" */,
			);
			productRefGroup = D643D692279A7B6400E02D73 /* Products */;
			projectDirPath = "";
			projectRoot = "";
			targets = (
				D643D690279A7B6400E02D73 /* Subject */,
			);
		};
/* End PBXProject section */

/* Begin PBXResourcesBuildPhase section */
		D643D68F279A7B6400E02D73 /* Resources */ = {
			isa = PBXResourcesBuildPhase;
			buildActionMask = 2147483647;
			files = (
				D643D6A1279A7B6500E02D73 /* LaunchScreen.storyboard in Resources */,
				D643D69E279A7B6500E02D73 /* Assets.xcassets in Resources */,
				D643D69C279A7B6400E02D73 /* Main.storyboard in Resources */,
			);
			runOnlyForDeploymentPostprocessing = 0;
		};
/* End PBXResourcesBuildPhase section */

/* Begin PBXSourcesBuildPhase section */
		D643D68D279A7B6400E02D73 /* Sources */ = {
			isa = PBXSourcesBuildPhase;
			buildActionMask = 2147483647;
			files = (
				D643D699279A7B6400E02D73 /* ViewController.swift in Sources */,
				D643D695279A7B6400E02D73 /* AppDelegate.swift in Sources */,
				D643D697279A7B6400E02D73 /* SceneDelegate.swift in Sources */,
			);
			runOnlyForDeploymentPostprocessing = 0;
		};
/* End PBXSourcesBuildPhase section */

/* Begin PBXVariantGroup section */
		D643D69A279A7B6400E02D73 /* Main.storyboard */ = {
			isa = PBXVariantGroup;
			children = (
				D643D69B279A7B6400E02D73 /* Base */,
			);
			name = Main.storyboard;
			sourceTree = "<group>";
		};
		D643D69F279A7B6500E02D73 /* LaunchScreen.storyboard */ = {
			isa = PBXVariantGroup;
			children = (
				D643D6A0279A7B6500E02D73 /* Base */,
			);
			name = LaunchScreen.storyboard;
			sourceTree = "<group>";
		};
/* End PBXVariantGroup section */

/* Begin XCBuildConfiguration section */
		D643D6A3279A7B6500E02D73 /* Debug */ = {
			isa = XCBuildConfiguration;
			buildSettings = {
				ALWAYS_SEARCH_USER_PATHS = NO;
				CLANG_ANALYZER_NONNULL = YES;
				CLANG_ANALYZER_NUMBER_OBJECT_CONVERSION = YES_AGGRESSIVE;
				CLANG_CXX_LANGUAGE_STANDARD = "gnu++17";
				CLANG_CXX_LIBRARY = "libc++";
				CLANG_ENABLE_MODULES = YES;
				CLANG_ENABLE_OBJC_ARC = YES;
				CLANG_ENABLE_OBJC_WEAK = YES;
				CLANG_WARN_BLOCK_CAPTURE_AUTORELEASING = YES;
				CLANG_WARN_BOOL_CONVERSION = YES;
				CLANG_WARN_COMMA = YES;
				CLANG_WARN_CONSTANT_CONVERSION = YES;
				CLANG_WARN_DEPRECATED_OBJC_IMPLEMENTATIONS = YES;
				CLANG_WARN_DIRECT_OBJC_ISA_USAGE = YES_ERROR;
				CLANG_WARN_DOCUMENTATION_COMMENTS = YES;
				CLANG_WARN_EMPTY_BODY = YES;
				CLANG_WARN_ENUM_CONVERSION = YES;
				CLANG_WARN_INFINITE_RECURSION = YES;
				CLANG_WARN_INT_CONVERSION = YES;
				CLANG_WARN_NON_LITERAL_NULL_CONVERSION = YES;
				CLANG_WARN_OBJC_IMPLICIT_RETAIN_SELF = YES;
				CLANG_WARN_OBJC_LITERAL_CONVERSION = YES;
				CLANG_WARN_OBJC_ROOT_CLASS = YES_ERROR;
				CLANG_WARN_QUOTED_INCLUDE_IN_FRAMEWORK_HEADER = YES;
				CLANG_WARN_RANGE_LOOP_ANALYSIS = YES;
				CLANG_WARN_STRICT_PROTOTYPES = YES;
				CLANG_WARN_SUSPICIOUS_MOVE = YES;
				CLANG_WARN_UNGUARDED_AVAILABILITY = YES_AGGRESSIVE;
				CLANG_WARN_UNREACHABLE_CODE = YES;
				CLANG_WARN__DUPLICATE_METHOD_MATCH = YES;
				COPY_PHASE_STRIP = NO;
				DEBUG_INFORMATION_FORMAT = dwarf;
				ENABLE_STRICT_OBJC_MSGSEND = YES;
				ENABLE_TESTABILITY = YES;
				GCC_C_LANGUAGE_STANDARD = gnu11;
				GCC_DYNAMIC_NO_PIC = NO;
				GCC_NO_COMMON_BLOCKS = YES;
				GCC_OPTIMIZATION_LEVEL = 0;
				GCC_PREPROCESSOR_DEFINITIONS = (
					"DEBUG=1",
					"$(inherited)",
				);
				GCC_WARN_64_TO_32_BIT_CONVERSION = YES;
				GCC_WARN_ABOUT_RETURN_TYPE = YES_ERROR;
				GCC_WARN_UNDECLARED_SELECTOR = YES;
				GCC_WARN_UNINITIALIZED_AUTOS = YES_AGGRESSIVE;
				GCC_WARN_UNUSED_FUNCTION = YES;
				GCC_WARN_UNUSED_VARIABLE = YES;
				IPHONEOS_DEPLOYMENT_TARGET = 15.0;
				MTL_ENABLE_DEBUG_INFO = INCLUDE_SOURCE;
				MTL_FAST_MATH = YES;
				ONLY_ACTIVE_ARCH = YES;
				SDKROOT = iphoneos;
				SWIFT_ACTIVE_COMPILATION_CONDITIONS = DEBUG;
				SWIFT_OPTIMIZATION_LEVEL = "-Onone";
			};
			name = Debug;
		};
		D643D6A4279A7B6500E02D73 /* Release */ = {
			isa = XCBuildConfiguration;
			buildSettings = {
				ALWAYS_SEARCH_USER_PATHS = NO;
				CLANG_ANALYZER_NONNULL = YES;
				CLANG_ANALYZER_NUMBER_OBJECT_CONVERSION = YES_AGGRESSIVE;
				CLANG_CXX_LANGUAGE_STANDARD = "gnu++17";
				CLANG_CXX_LIBRARY = "libc++";
				CLANG_ENABLE_MODULES = YES;
				CLANG_ENABLE_OBJC_ARC = YES;
				CLANG_ENABLE_OBJC_WEAK = YES;
				CLANG_WARN_BLOCK_CAPTURE_AUTORELEASING = YES;
				CLANG_WARN_BOOL_CONVERSION = YES;
				CLANG_WARN_COMMA = YES;
				CLANG_WARN_CONSTANT_CONVERSION = YES;
				CLANG_WARN_DEPRECATED_OBJC_IMPLEMENTATIONS = YES;
				CLANG_WARN_DIRECT_OBJC_ISA_USAGE = YES_ERROR;
				CLANG_WARN_DOCUMENTATION_COMMENTS = YES;
				CLANG_WARN_EMPTY_BODY = YES;
				CLANG_WARN_ENUM_CONVERSION = YES;
				CLANG_WARN_INFINITE_RECURSION = YES;
				CLANG_WARN_INT_CONVERSION = YES;
				CLANG_WARN_NON_LITERAL_NULL_CONVERSION = YES;
				CLANG_WARN_OBJC_IMPLICIT_RETAIN_SELF = YES;
				CLANG_WARN_OBJC_LITERAL_CONVERSION = YES;
				CLANG_WARN_OBJC_ROOT_CLASS = YES_ERROR;
				CLANG_WARN_QUOTED_INCLUDE_IN_FRAMEWORK_HEADER = YES;
				CLANG_WARN_RANGE_LOOP_ANALYSIS = YES;
				CLANG_WARN_STRICT_PROTOTYPES = YES;
				CLANG_WARN_SUSPICIOUS_MOVE = YES;
				CLANG_WARN_UNGUARDED_AVAILABILITY = YES_AGGRESSIVE;
				CLANG_WARN_UNREACHABLE_CODE = YES;
				CLANG_WARN__DUPLICATE_METHOD_MATCH = YES;
				COPY_PHASE_STRIP = NO;
				DEBUG_INFORMATION_FORMAT = "dwarf-with-dsym";
				ENABLE_NS_ASSERTIONS = NO;
				ENABLE_STRICT_OBJC_MSGSEND = YES;
				GCC_C_LANGUAGE_STANDARD = gnu11;
				GCC_NO_COMMON_BLOCKS = YES;
				GCC_WARN_64_TO_32_BIT_CONVERSION = YES;
				GCC_WARN_ABOUT_RETURN_TYPE = YES_ERROR;
				GCC_WARN_UNDECLARED_SELECTOR = YES;
				GCC_WARN_UNINITIALIZED_AUTOS = YES_AGGRESSIVE;
				GCC_WARN_UNUSED_FUNCTION = YES;
				GCC_WARN_UNUSED_VARIABLE = YES;
				IPHONEOS_DEPLOYMENT_TARGET = 15.0;
				MTL_ENABLE_DEBUG_INFO = NO;
				MTL_FAST_MATH = YES;
				SDKROOT = iphoneos;
				SWIFT_COMPILATION_MODE = wholemodule;
				SWIFT_OPTIMIZATION_LEVEL = "-O";
				VALIDATE_PRODUCT = YES;
			};
			name = Release;
		};
		D643D6A6279A7B6500E02D73 /* Debug */ = {
			isa = XCBuildConfiguration;
			buildSettings = {
				ASSETCATALOG_COMPILER_APPICON_NAME = AppIcon;
				ASSETCATALOG_COMPILER_GLOBAL_ACCENT_COLOR_NAME = AccentColor;
				CODE_SIGN_STYLE = Automatic;
				CURRENT_PROJECT_VERSION = 1;
				GENERATE_INFOPLIST_FILE = YES;
				INFOPLIST_FILE = Subject/Info.plist;
				INFOPLIST_KEY_UIApplicationSupportsIndirectInputEvents = YES;
				INFOPLIST_KEY_UILaunchStoryboardName = LaunchScreen;
				INFOPLIST_KEY_UIMainStoryboardFile = Main;
				INFOPLIST_KEY_UISupportedInterfaceOrientations_iPad = "UIInterfaceOrientationPortrait UIInterfaceOrientationPortraitUpsideDown UIInterfaceOrientationLandscapeLeft UIInterfaceOrientationLandscapeRight";
				INFOPLIST_KEY_UISupportedInterfaceOrientations_iPhone = "UIInterfaceOrientationPortrait UIInterfaceOrientationLandscapeLeft UIInterfaceOrientationLandscapeRight";
				LD_RUNPATH_SEARCH_PATHS = (
					"$(inherited)",
					"@executable_path/Frameworks",
				);
				MARKETING_VERSION = 1.0;
				PRODUCT_BUNDLE_IDENTIFIER = jeonggi.Subject;
				PRODUCT_NAME = "$(TARGET_NAME)";
				SWIFT_EMIT_LOC_STRINGS = YES;
				SWIFT_VERSION = 5.0;
				TARGETED_DEVICE_FAMILY = "1,2";
			};
			name = Debug;
		};
		D643D6A7279A7B6500E02D73 /* Release */ = {
			isa = XCBuildConfiguration;
			buildSettings = {
				ASSETCATALOG_COMPILER_APPICON_NAME = AppIcon;
				ASSETCATALOG_COMPILER_GLOBAL_ACCENT_COLOR_NAME = AccentColor;
				CODE_SIGN_STYLE = Automatic;
				CURRENT_PROJECT_VERSION = 1;
				GENERATE_INFOPLIST_FILE = YES;
				INFOPLIST_FILE = Subject/Info.plist;
				INFOPLIST_KEY_UIApplicationSupportsIndirectInputEvents = YES;
				INFOPLIST_KEY_UILaunchStoryboardName = LaunchScreen;
				INFOPLIST_KEY_UIMainStoryboardFile = Main;
				INFOPLIST_KEY_UISupportedInterfaceOrientations_iPad = "UIInterfaceOrientationPortrait UIInterfaceOrientationPortraitUpsideDown UIInterfaceOrientationLandscapeLeft UIInterfaceOrientationLandscapeRight";
				INFOPLIST_KEY_UISupportedInterfaceOrientations_iPhone = "UIInterfaceOrientationPortrait UIInterfaceOrientationLandscapeLeft UIInterfaceOrientationLandscapeRight";
				LD_RUNPATH_SEARCH_PATHS = (
					"$(inherited)",
					"@executable_path/Frameworks",
				);
				MARKETING_VERSION = 1.0;
				PRODUCT_BUNDLE_IDENTIFIER = jeonggi.Subject;
				PRODUCT_NAME = "$(TARGET_NAME)";
				SWIFT_EMIT_LOC_STRINGS = YES;
				SWIFT_VERSION = 5.0;
				TARGETED_DEVICE_FAMILY = "1,2";
			};
			name = Release;
		};
/* End XCBuildConfiguration section */

/* Begin XCConfigurationList section */
		D643D68C279A7B6400E02D73 /* Build configuration list for PBXProject "Subject" */ = {
			isa = XCConfigurationList;
			buildConfigurations = (
				D643D6A3279A7B6500E02D73 /* Debug */,
				D643D6A4279A7B6500E02D73 /* Release */,
			);
			defaultConfigurationIsVisible = 0;
			defaultConfigurationName = Release;
		};
		D643D6A5279A7B6500E02D73 /* Build configuration list for PBXNativeTarget "Subject" */ = {
			isa = XCConfigurationList;
			buildConfigurations = (
				D643D6A6279A7B6500E02D73 /* Debug */,
				D643D6A7279A7B6500E02D73 /* Release */,
			);
			defaultConfigurationIsVisible = 0;
			defaultConfigurationName = Release;
		};
/* End XCConfigurationList section */

/* Begin XCRemoteSwiftPackageReference section */
		D643D6A8279A7B8900E02D73 /* XCRemoteSwiftPackageReference "RxSwift" */ = {
			isa = XCRemoteSwiftPackageReference;
			repositoryURL = "https://github.com/ReactiveX/RxSwift.git";
			requirement = {
				kind = upToNextMajorVersion;
				minimumVersion = 6.0.0;
			};
		};
/* End XCRemoteSwiftPackageReference section */

/* Begin XCSwiftPackageProductDependency section */
		D643D6A9279A7B8900E02D73 /* RxCocoa */ = {
			isa = XCSwiftPackageProductDependency;
			package = D643D6A8279A7B8900E02D73 /* XCRemoteSwiftPackageReference "RxSwift" */;
			productName = RxCocoa;
		};
		D643D6AB279A7B8900E02D73 /* RxSwift */ = {
			isa = XCSwiftPackageProductDependency;
			package = D643D6A8279A7B8900E02D73 /* XCRemoteSwiftPackageReference "RxSwift" */;
			productName = RxSwift;
		};
/* End XCSwiftPackageProductDependency section */
	};
	rootObject = D643D689279A7B6400E02D73 /* Project object */;
}
