// !$*UTF8*$!
{
	archiveVersion = 1;
	classes = {
	};
	objectVersion = 55;
	objects = {

/* Begin PBXBuildFile section */
		D653D0B9273E9A6B00229D57 /* AppDelegate.swift in Sources */ = {isa = PBXBuildFile; fileRef = D653D0B8273E9A6B00229D57 /* AppDelegate.swift */; };
		D653D0BB273E9A6B00229D57 /* SceneDelegate.swift in Sources */ = {isa = PBXBuildFile; fileRef = D653D0BA273E9A6B00229D57 /* SceneDelegate.swift */; };
		D653D0C2273E9A6C00229D57 /* Assets.xcassets in Resources */ = {isa = PBXBuildFile; fileRef = D653D0C1273E9A6C00229D57 /* Assets.xcassets */; };
		D653D0C5273E9A6C00229D57 /* LaunchScreen.storyboard in Resources */ = {isa = PBXBuildFile; fileRef = D653D0C3273E9A6C00229D57 /* LaunchScreen.storyboard */; };
		D653D0CD273E9B3900229D57 /* HomeViewController.swift in Sources */ = {isa = PBXBuildFile; fileRef = D653D0CC273E9B3900229D57 /* HomeViewController.swift */; };
		D653D0DF273E9FC300229D57 /* SnapKit in Frameworks */ = {isa = PBXBuildFile; productRef = D653D0DE273E9FC300229D57 /* SnapKit */; };
		D653D0E2273F986900229D57 /* ContentCollectionViewMainCell.swift in Sources */ = {isa = PBXBuildFile; fileRef = D653D0E0273F986800229D57 /* ContentCollectionViewMainCell.swift */; };
		D653D0E3273F986900229D57 /* ContentCollectionViewRankCell.swift in Sources */ = {isa = PBXBuildFile; fileRef = D653D0E1273F986900229D57 /* ContentCollectionViewRankCell.swift */; };
		D653D0E5273F9CFC00229D57 /* Content.swift in Sources */ = {isa = PBXBuildFile; fileRef = D653D0E4273F9CFC00229D57 /* Content.swift */; };
		D653D0E7273F9D3500229D57 /* Content.plist in Resources */ = {isa = PBXBuildFile; fileRef = D653D0E6273F9D3500229D57 /* Content.plist */; };
		D653D0EA273F9D5700229D57 /* ContentCollectionViewCell.swift in Sources */ = {isa = PBXBuildFile; fileRef = D653D0E8273F9D5700229D57 /* ContentCollectionViewCell.swift */; };
		D653D0EB273F9D5700229D57 /* ContentCollectionViewHeader.swift in Sources */ = {isa = PBXBuildFile; fileRef = D653D0E9273F9D5700229D57 /* ContentCollectionViewHeader.swift */; };
		D6CC860F2742C15900A0DD8D /* ContentView.swift in Sources */ = {isa = PBXBuildFile; fileRef = D6CC860E2742C15900A0DD8D /* ContentView.swift */; };
		D6CC86112742C2D200A0DD8D /* ContentDetailView.swift in Sources */ = {isa = PBXBuildFile; fileRef = D6CC86102742C2D200A0DD8D /* ContentDetailView.swift */; };
/* End PBXBuildFile section */

/* Begin PBXFileReference section */
		D653D0B5273E9A6B00229D57 /* NetflixStyleCollectionViewSampleApp.app */ = {isa = PBXFileReference; explicitFileType = wrapper.application; includeInIndex = 0; path = NetflixStyleCollectionViewSampleApp.app; sourceTree = BUILT_PRODUCTS_DIR; };
		D653D0B8273E9A6B00229D57 /* AppDelegate.swift */ = {isa = PBXFileReference; lastKnownFileType = sourcecode.swift; path = AppDelegate.swift; sourceTree = "<group>"; };
		D653D0BA273E9A6B00229D57 /* SceneDelegate.swift */ = {isa = PBXFileReference; lastKnownFileType = sourcecode.swift; path = SceneDelegate.swift; sourceTree = "<group>"; };
		D653D0C1273E9A6C00229D57 /* Assets.xcassets */ = {isa = PBXFileReference; lastKnownFileType = folder.assetcatalog; path = Assets.xcassets; sourceTree = "<group>"; };
		D653D0C4273E9A6C00229D57 /* Base */ = {isa = PBXFileReference; lastKnownFileType = file.storyboard; name = Base; path = Base.lproj/LaunchScreen.storyboard; sourceTree = "<group>"; };
		D653D0C6273E9A6C00229D57 /* Info.plist */ = {isa = PBXFileReference; lastKnownFileType = text.plist.xml; path = Info.plist; sourceTree = "<group>"; };
		D653D0CC273E9B3900229D57 /* HomeViewController.swift */ = {isa = PBXFileReference; lastKnownFileType = sourcecode.swift; path = HomeViewController.swift; sourceTree = "<group>"; };
		D653D0E0273F986800229D57 /* ContentCollectionViewMainCell.swift */ = {isa = PBXFileReference; fileEncoding = 4; lastKnownFileType = sourcecode.swift; path = ContentCollectionViewMainCell.swift; sourceTree = "<group>"; };
		D653D0E1273F986900229D57 /* ContentCollectionViewRankCell.swift */ = {isa = PBXFileReference; fileEncoding = 4; lastKnownFileType = sourcecode.swift; path = ContentCollectionViewRankCell.swift; sourceTree = "<group>"; };
		D653D0E4273F9CFC00229D57 /* Content.swift */ = {isa = PBXFileReference; fileEncoding = 4; lastKnownFileType = sourcecode.swift; path = Content.swift; sourceTree = "<group>"; };
		D653D0E6273F9D3500229D57 /* Content.plist */ = {isa = PBXFileReference; fileEncoding = 4; lastKnownFileType = text.plist.xml; path = Content.plist; sourceTree = "<group>"; };
		D653D0E8273F9D5700229D57 /* ContentCollectionViewCell.swift */ = {isa = PBXFileReference; fileEncoding = 4; lastKnownFileType = sourcecode.swift; path = ContentCollectionViewCell.swift; sourceTree = "<group>"; };
		D653D0E9273F9D5700229D57 /* ContentCollectionViewHeader.swift */ = {isa = PBXFileReference; fileEncoding = 4; lastKnownFileType = sourcecode.swift; path = ContentCollectionViewHeader.swift; sourceTree = "<group>"; };
		D6CC860E2742C15900A0DD8D /* ContentView.swift */ = {isa = PBXFileReference; lastKnownFileType = sourcecode.swift; path = ContentView.swift; sourceTree = "<group>"; };
		D6CC86102742C2D200A0DD8D /* ContentDetailView.swift */ = {isa = PBXFileReference; lastKnownFileType = sourcecode.swift; path = ContentDetailView.swift; sourceTree = "<group>"; };
/* End PBXFileReference section */

/* Begin PBXFrameworksBuildPhase section */
		D653D0B2273E9A6B00229D57 /* Frameworks */ = {
			isa = PBXFrameworksBuildPhase;
			buildActionMask = 2147483647;
			files = (
				D653D0DF273E9FC300229D57 /* SnapKit in Frameworks */,
			);
			runOnlyForDeploymentPostprocessing = 0;
		};
/* End PBXFrameworksBuildPhase section */

/* Begin PBXGroup section */
		D653D0AC273E9A6B00229D57 = {
			isa = PBXGroup;
			children = (
				D653D0B7273E9A6B00229D57 /* NetflixStyleCollectionViewSampleApp */,
				D653D0B6273E9A6B00229D57 /* Products */,
			);
			sourceTree = "<group>";
		};
		D653D0B6273E9A6B00229D57 /* Products */ = {
			isa = PBXGroup;
			children = (
				D653D0B5273E9A6B00229D57 /* NetflixStyleCollectionViewSampleApp.app */,
			);
			name = Products;
			sourceTree = "<group>";
		};
		D653D0B7273E9A6B00229D57 /* NetflixStyleCollectionViewSampleApp */ = {
			isa = PBXGroup;
			children = (
				D653D0B8273E9A6B00229D57 /* AppDelegate.swift */,
				D653D0BA273E9A6B00229D57 /* SceneDelegate.swift */,
				D653D0CC273E9B3900229D57 /* HomeViewController.swift */,
				D653D0E8273F9D5700229D57 /* ContentCollectionViewCell.swift */,
				D653D0E9273F9D5700229D57 /* ContentCollectionViewHeader.swift */,
				D653D0E0273F986800229D57 /* ContentCollectionViewMainCell.swift */,
				D653D0E1273F986900229D57 /* ContentCollectionViewRankCell.swift */,
				D653D0C1273E9A6C00229D57 /* Assets.xcassets */,
				D653D0C3273E9A6C00229D57 /* LaunchScreen.storyboard */,
				D653D0C6273E9A6C00229D57 /* Info.plist */,
				D653D0E4273F9CFC00229D57 /* Content.swift */,
				D653D0E6273F9D3500229D57 /* Content.plist */,
				D6CC860E2742C15900A0DD8D /* ContentView.swift */,
				D6CC86102742C2D200A0DD8D /* ContentDetailView.swift */,
			);
			path = NetflixStyleCollectionViewSampleApp;
			sourceTree = "<group>";
		};
/* End PBXGroup section */

/* Begin PBXNativeTarget section */
		D653D0B4273E9A6B00229D57 /* NetflixStyleCollectionViewSampleApp */ = {
			isa = PBXNativeTarget;
			buildConfigurationList = D653D0C9273E9A6C00229D57 /* Build configuration list for PBXNativeTarget "NetflixStyleCollectionViewSampleApp" */;
			buildPhases = (
				D653D0B1273E9A6B00229D57 /* Sources */,
				D653D0B2273E9A6B00229D57 /* Frameworks */,
				D653D0B3273E9A6B00229D57 /* Resources */,
			);
			buildRules = (
			);
			dependencies = (
			);
			name = NetflixStyleCollectionViewSampleApp;
			packageProductDependencies = (
				D653D0DE273E9FC300229D57 /* SnapKit */,
			);
			productName = NetflixStyleCollectionViewSampleApp;
			productReference = D653D0B5273E9A6B00229D57 /* NetflixStyleCollectionViewSampleApp.app */;
			productType = "com.apple.product-type.application";
		};
/* End PBXNativeTarget section */

/* Begin PBXProject section */
		D653D0AD273E9A6B00229D57 /* Project object */ = {
			isa = PBXProject;
			attributes = {
				BuildIndependentTargetsInParallel = 1;
				LastSwiftUpdateCheck = 1310;
				LastUpgradeCheck = 1310;
				TargetAttributes = {
					D653D0B4273E9A6B00229D57 = {
						CreatedOnToolsVersion = 13.1;
					};
				};
			};
			buildConfigurationList = D653D0B0273E9A6B00229D57 /* Build configuration list for PBXProject "NetflixStyleCollectionViewSampleApp" */;
			compatibilityVersion = "Xcode 13.0";
			developmentRegion = en;
			hasScannedForEncodings = 0;
			knownRegions = (
				en,
				Base,
			);
			mainGroup = D653D0AC273E9A6B00229D57;
			packageReferences = (
				D653D0DD273E9FC300229D57 /* XCRemoteSwiftPackageReference "SnapKit" */,
			);
			productRefGroup = D653D0B6273E9A6B00229D57 /* Products */;
			projectDirPath = "";
			projectRoot = "";
			targets = (
				D653D0B4273E9A6B00229D57 /* NetflixStyleCollectionViewSampleApp */,
			);
		};
/* End PBXProject section */

/* Begin PBXResourcesBuildPhase section */
		D653D0B3273E9A6B00229D57 /* Resources */ = {
			isa = PBXResourcesBuildPhase;
			buildActionMask = 2147483647;
			files = (
				D653D0C5273E9A6C00229D57 /* LaunchScreen.storyboard in Resources */,
				D653D0C2273E9A6C00229D57 /* Assets.xcassets in Resources */,
				D653D0E7273F9D3500229D57 /* Content.plist in Resources */,
			);
			runOnlyForDeploymentPostprocessing = 0;
		};
/* End PBXResourcesBuildPhase section */

/* Begin PBXSourcesBuildPhase section */
		D653D0B1273E9A6B00229D57 /* Sources */ = {
			isa = PBXSourcesBuildPhase;
			buildActionMask = 2147483647;
			files = (
				D653D0B9273E9A6B00229D57 /* AppDelegate.swift in Sources */,
				D653D0E2273F986900229D57 /* ContentCollectionViewMainCell.swift in Sources */,
				D653D0EA273F9D5700229D57 /* ContentCollectionViewCell.swift in Sources */,
				D653D0BB273E9A6B00229D57 /* SceneDelegate.swift in Sources */,
				D653D0E3273F986900229D57 /* ContentCollectionViewRankCell.swift in Sources */,
				D6CC86112742C2D200A0DD8D /* ContentDetailView.swift in Sources */,
				D6CC860F2742C15900A0DD8D /* ContentView.swift in Sources */,
				D653D0EB273F9D5700229D57 /* ContentCollectionViewHeader.swift in Sources */,
				D653D0E5273F9CFC00229D57 /* Content.swift in Sources */,
				D653D0CD273E9B3900229D57 /* HomeViewController.swift in Sources */,
			);
			runOnlyForDeploymentPostprocessing = 0;
		};
/* End PBXSourcesBuildPhase section */

/* Begin PBXVariantGroup section */
		D653D0C3273E9A6C00229D57 /* LaunchScreen.storyboard */ = {
			isa = PBXVariantGroup;
			children = (
				D653D0C4273E9A6C00229D57 /* Base */,
			);
			name = LaunchScreen.storyboard;
			sourceTree = "<group>";
		};
/* End PBXVariantGroup section */

/* Begin XCBuildConfiguration section */
		D653D0C7273E9A6C00229D57 /* Debug */ = {
			isa = XCBuildConfiguration;
			buildSettings = {
				ALWAYS_SEARCH_USER_PATHS = NO;
				CLANG_ANALYZER_NONNULL = YES;
				CLANG_ANALYZER_NUMBER_OBJECT_CONVERSION = YES_AGGRESSIVE;
				CLANG_CXX_LANGUAGE_STANDARD = "gnu++17";
				CLANG_CXX_LIBRARY = "libc++";
				CLANG_ENABLE_MODULES = YES;
				CLANG_ENABLE_OBJC_ARC = YES;
				CLANG_ENABLE_OBJC_WEAK = YES;
				CLANG_WARN_BLOCK_CAPTURE_AUTORELEASING = YES;
				CLANG_WARN_BOOL_CONVERSION = YES;
				CLANG_WARN_COMMA = YES;
				CLANG_WARN_CONSTANT_CONVERSION = YES;
				CLANG_WARN_DEPRECATED_OBJC_IMPLEMENTATIONS = YES;
				CLANG_WARN_DIRECT_OBJC_ISA_USAGE = YES_ERROR;
				CLANG_WARN_DOCUMENTATION_COMMENTS = YES;
				CLANG_WARN_EMPTY_BODY = YES;
				CLANG_WARN_ENUM_CONVERSION = YES;
				CLANG_WARN_INFINITE_RECURSION = YES;
				CLANG_WARN_INT_CONVERSION = YES;
				CLANG_WARN_NON_LITERAL_NULL_CONVERSION = YES;
				CLANG_WARN_OBJC_IMPLICIT_RETAIN_SELF = YES;
				CLANG_WARN_OBJC_LITERAL_CONVERSION = YES;
				CLANG_WARN_OBJC_ROOT_CLASS = YES_ERROR;
				CLANG_WARN_QUOTED_INCLUDE_IN_FRAMEWORK_HEADER = YES;
				CLANG_WARN_RANGE_LOOP_ANALYSIS = YES;
				CLANG_WARN_STRICT_PROTOTYPES = YES;
				CLANG_WARN_SUSPICIOUS_MOVE = YES;
				CLANG_WARN_UNGUARDED_AVAILABILITY = YES_AGGRESSIVE;
				CLANG_WARN_UNREACHABLE_CODE = YES;
				CLANG_WARN__DUPLICATE_METHOD_MATCH = YES;
				COPY_PHASE_STRIP = NO;
				DEBUG_INFORMATION_FORMAT = dwarf;
				ENABLE_STRICT_OBJC_MSGSEND = YES;
				ENABLE_TESTABILITY = YES;
				GCC_C_LANGUAGE_STANDARD = gnu11;
				GCC_DYNAMIC_NO_PIC = NO;
				GCC_NO_COMMON_BLOCKS = YES;
				GCC_OPTIMIZATION_LEVEL = 0;
				GCC_PREPROCESSOR_DEFINITIONS = (
					"DEBUG=1",
					"$(inherited)",
				);
				GCC_WARN_64_TO_32_BIT_CONVERSION = YES;
				GCC_WARN_ABOUT_RETURN_TYPE = YES_ERROR;
				GCC_WARN_UNDECLARED_SELECTOR = YES;
				GCC_WARN_UNINITIALIZED_AUTOS = YES_AGGRESSIVE;
				GCC_WARN_UNUSED_FUNCTION = YES;
				GCC_WARN_UNUSED_VARIABLE = YES;
				IPHONEOS_DEPLOYMENT_TARGET = 15.0;
				MTL_ENABLE_DEBUG_INFO = INCLUDE_SOURCE;
				MTL_FAST_MATH = YES;
				ONLY_ACTIVE_ARCH = YES;
				SDKROOT = iphoneos;
				SWIFT_ACTIVE_COMPILATION_CONDITIONS = DEBUG;
				SWIFT_OPTIMIZATION_LEVEL = "-Onone";
			};
			name = Debug;
		};
		D653D0C8273E9A6C00229D57 /* Release */ = {
			isa = XCBuildConfiguration;
			buildSettings = {
				ALWAYS_SEARCH_USER_PATHS = NO;
				CLANG_ANALYZER_NONNULL = YES;
				CLANG_ANALYZER_NUMBER_OBJECT_CONVERSION = YES_AGGRESSIVE;
				CLANG_CXX_LANGUAGE_STANDARD = "gnu++17";
				CLANG_CXX_LIBRARY = "libc++";
				CLANG_ENABLE_MODULES = YES;
				CLANG_ENABLE_OBJC_ARC = YES;
				CLANG_ENABLE_OBJC_WEAK = YES;
				CLANG_WARN_BLOCK_CAPTURE_AUTORELEASING = YES;
				CLANG_WARN_BOOL_CONVERSION = YES;
				CLANG_WARN_COMMA = YES;
				CLANG_WARN_CONSTANT_CONVERSION = YES;
				CLANG_WARN_DEPRECATED_OBJC_IMPLEMENTATIONS = YES;
				CLANG_WARN_DIRECT_OBJC_ISA_USAGE = YES_ERROR;
				CLANG_WARN_DOCUMENTATION_COMMENTS = YES;
				CLANG_WARN_EMPTY_BODY = YES;
				CLANG_WARN_ENUM_CONVERSION = YES;
				CLANG_WARN_INFINITE_RECURSION = YES;
				CLANG_WARN_INT_CONVERSION = YES;
				CLANG_WARN_NON_LITERAL_NULL_CONVERSION = YES;
				CLANG_WARN_OBJC_IMPLICIT_RETAIN_SELF = YES;
				CLANG_WARN_OBJC_LITERAL_CONVERSION = YES;
				CLANG_WARN_OBJC_ROOT_CLASS = YES_ERROR;
				CLANG_WARN_QUOTED_INCLUDE_IN_FRAMEWORK_HEADER = YES;
				CLANG_WARN_RANGE_LOOP_ANALYSIS = YES;
				CLANG_WARN_STRICT_PROTOTYPES = YES;
				CLANG_WARN_SUSPICIOUS_MOVE = YES;
				CLANG_WARN_UNGUARDED_AVAILABILITY = YES_AGGRESSIVE;
				CLANG_WARN_UNREACHABLE_CODE = YES;
				CLANG_WARN__DUPLICATE_METHOD_MATCH = YES;
				COPY_PHASE_STRIP = NO;
				DEBUG_INFORMATION_FORMAT = "dwarf-with-dsym";
				ENABLE_NS_ASSERTIONS = NO;
				ENABLE_STRICT_OBJC_MSGSEND = YES;
				GCC_C_LANGUAGE_STANDARD = gnu11;
				GCC_NO_COMMON_BLOCKS = YES;
				GCC_WARN_64_TO_32_BIT_CONVERSION = YES;
				GCC_WARN_ABOUT_RETURN_TYPE = YES_ERROR;
				GCC_WARN_UNDECLARED_SELECTOR = YES;
				GCC_WARN_UNINITIALIZED_AUTOS = YES_AGGRESSIVE;
				GCC_WARN_UNUSED_FUNCTION = YES;
				GCC_WARN_UNUSED_VARIABLE = YES;
				IPHONEOS_DEPLOYMENT_TARGET = 15.0;
				MTL_ENABLE_DEBUG_INFO = NO;
				MTL_FAST_MATH = YES;
				SDKROOT = iphoneos;
				SWIFT_COMPILATION_MODE = wholemodule;
				SWIFT_OPTIMIZATION_LEVEL = "-O";
				VALIDATE_PRODUCT = YES;
			};
			name = Release;
		};
		D653D0CA273E9A6C00229D57 /* Debug */ = {
			isa = XCBuildConfiguration;
			buildSettings = {
				ASSETCATALOG_COMPILER_APPICON_NAME = AppIcon;
				ASSETCATALOG_COMPILER_GLOBAL_ACCENT_COLOR_NAME = AccentColor;
				CODE_SIGN_STYLE = Automatic;
				CURRENT_PROJECT_VERSION = 1;
				DEVELOPMENT_TEAM = 4ULJ48KG8N;
				GENERATE_INFOPLIST_FILE = YES;
				INFOPLIST_FILE = NetflixStyleCollectionViewSampleApp/Info.plist;
				INFOPLIST_KEY_UIApplicationSupportsIndirectInputEvents = YES;
				INFOPLIST_KEY_UILaunchStoryboardName = LaunchScreen;
				INFOPLIST_KEY_UISupportedInterfaceOrientations_iPad = "UIInterfaceOrientationPortrait UIInterfaceOrientationPortraitUpsideDown UIInterfaceOrientationLandscapeLeft UIInterfaceOrientationLandscapeRight";
				INFOPLIST_KEY_UISupportedInterfaceOrientations_iPhone = "UIInterfaceOrientationPortrait UIInterfaceOrientationLandscapeLeft UIInterfaceOrientationLandscapeRight";
				LD_RUNPATH_SEARCH_PATHS = (
					"$(inherited)",
					"@executable_path/Frameworks",
				);
				MARKETING_VERSION = 1.0;
				PRODUCT_BUNDLE_IDENTIFIER = kr.or.hongjeonggi.NetflixStyleCollectionViewSampleApp;
				PRODUCT_NAME = "$(TARGET_NAME)";
				SWIFT_EMIT_LOC_STRINGS = YES;
				SWIFT_VERSION = 5.0;
				TARGETED_DEVICE_FAMILY = "1,2";
			};
			name = Debug;
		};
		D653D0CB273E9A6C00229D57 /* Release */ = {
			isa = XCBuildConfiguration;
			buildSettings = {
				ASSETCATALOG_COMPILER_APPICON_NAME = AppIcon;
				ASSETCATALOG_COMPILER_GLOBAL_ACCENT_COLOR_NAME = AccentColor;
				CODE_SIGN_STYLE = Automatic;
				CURRENT_PROJECT_VERSION = 1;
				DEVELOPMENT_TEAM = 4ULJ48KG8N;
				GENERATE_INFOPLIST_FILE = YES;
				INFOPLIST_FILE = NetflixStyleCollectionViewSampleApp/Info.plist;
				INFOPLIST_KEY_UIApplicationSupportsIndirectInputEvents = YES;
				INFOPLIST_KEY_UILaunchStoryboardName = LaunchScreen;
				INFOPLIST_KEY_UISupportedInterfaceOrientations_iPad = "UIInterfaceOrientationPortrait UIInterfaceOrientationPortraitUpsideDown UIInterfaceOrientationLandscapeLeft UIInterfaceOrientationLandscapeRight";
				INFOPLIST_KEY_UISupportedInterfaceOrientations_iPhone = "UIInterfaceOrientationPortrait UIInterfaceOrientationLandscapeLeft UIInterfaceOrientationLandscapeRight";
				LD_RUNPATH_SEARCH_PATHS = (
					"$(inherited)",
					"@executable_path/Frameworks",
				);
				MARKETING_VERSION = 1.0;
				PRODUCT_BUNDLE_IDENTIFIER = kr.or.hongjeonggi.NetflixStyleCollectionViewSampleApp;
				PRODUCT_NAME = "$(TARGET_NAME)";
				SWIFT_EMIT_LOC_STRINGS = YES;
				SWIFT_VERSION = 5.0;
				TARGETED_DEVICE_FAMILY = "1,2";
			};
			name = Release;
		};
/* End XCBuildConfiguration section */

/* Begin XCConfigurationList section */
		D653D0B0273E9A6B00229D57 /* Build configuration list for PBXProject "NetflixStyleCollectionViewSampleApp" */ = {
			isa = XCConfigurationList;
			buildConfigurations = (
				D653D0C7273E9A6C00229D57 /* Debug */,
				D653D0C8273E9A6C00229D57 /* Release */,
			);
			defaultConfigurationIsVisible = 0;
			defaultConfigurationName = Release;
		};
		D653D0C9273E9A6C00229D57 /* Build configuration list for PBXNativeTarget "NetflixStyleCollectionViewSampleApp" */ = {
			isa = XCConfigurationList;
			buildConfigurations = (
				D653D0CA273E9A6C00229D57 /* Debug */,
				D653D0CB273E9A6C00229D57 /* Release */,
			);
			defaultConfigurationIsVisible = 0;
			defaultConfigurationName = Release;
		};
/* End XCConfigurationList section */

/* Begin XCRemoteSwiftPackageReference section */
		D653D0DD273E9FC300229D57 /* XCRemoteSwiftPackageReference "SnapKit" */ = {
			isa = XCRemoteSwiftPackageReference;
			repositoryURL = "https://github.com/SnapKit/SnapKit.git";
			requirement = {
				kind = upToNextMajorVersion;
				minimumVersion = 5.0.0;
			};
		};
/* End XCRemoteSwiftPackageReference section */

/* Begin XCSwiftPackageProductDependency section */
		D653D0DE273E9FC300229D57 /* SnapKit */ = {
			isa = XCSwiftPackageProductDependency;
			package = D653D0DD273E9FC300229D57 /* XCRemoteSwiftPackageReference "SnapKit" */;
			productName = SnapKit;
		};
/* End XCSwiftPackageProductDependency section */
	};
	rootObject = D653D0AD273E9A6B00229D57 /* Project object */;
}
