// !$*UTF8*$!
{
	archiveVersion = 1;
	classes = {
	};
	objectVersion = 55;
	objects = {

/* Begin PBXBuildFile section */
		D66BE6EC278554B500FA2CF1 /* ProfileDataView.swift in Sources */ = {isa = PBXBuildFile; fileRef = D66BE6EB278554B500FA2CF1 /* ProfileDataView.swift */; };
		D66BE6EE27855A1000FA2CF1 /* ProfileCollectionViewCell.swift in Sources */ = {isa = PBXBuildFile; fileRef = D66BE6ED27855A1000FA2CF1 /* ProfileCollectionViewCell.swift */; };
		D66BE6F02785CAAC00FA2CF1 /* UploadViewController.swift in Sources */ = {isa = PBXBuildFile; fileRef = D66BE6EF2785CAAC00FA2CF1 /* UploadViewController.swift */; };
		D6A443CD27841F7600AC05BB /* AppDelegate.swift in Sources */ = {isa = PBXBuildFile; fileRef = D6A443CC27841F7600AC05BB /* AppDelegate.swift */; };
		D6A443CF27841F7600AC05BB /* SceneDelegate.swift in Sources */ = {isa = PBXBuildFile; fileRef = D6A443CE27841F7600AC05BB /* SceneDelegate.swift */; };
		D6A443D127841F7600AC05BB /* FeedViewController.swift in Sources */ = {isa = PBXBuildFile; fileRef = D6A443D027841F7600AC05BB /* FeedViewController.swift */; };
		D6A443D627841F7700AC05BB /* Assets.xcassets in Resources */ = {isa = PBXBuildFile; fileRef = D6A443D527841F7700AC05BB /* Assets.xcassets */; };
		D6A443D927841F7700AC05BB /* LaunchScreen.storyboard in Resources */ = {isa = PBXBuildFile; fileRef = D6A443D727841F7700AC05BB /* LaunchScreen.storyboard */; };
		D6A443FE2784216E00AC05BB /* SnapKit in Frameworks */ = {isa = PBXBuildFile; productRef = D6A443FD2784216E00AC05BB /* SnapKit */; };
		D6A444002784231700AC05BB /* TabBarController.swift in Sources */ = {isa = PBXBuildFile; fileRef = D6A443FF2784231700AC05BB /* TabBarController.swift */; };
		D6A44403278428A500AC05BB /* FeedTableViewCell.swift in Sources */ = {isa = PBXBuildFile; fileRef = D6A44402278428A500AC05BB /* FeedTableViewCell.swift */; };
		D6A444052784306B00AC05BB /* UIButton+.swift in Sources */ = {isa = PBXBuildFile; fileRef = D6A444042784306B00AC05BB /* UIButton+.swift */; };
		D6A44408278465D700AC05BB /* ProfileViewController.swift in Sources */ = {isa = PBXBuildFile; fileRef = D6A44407278465D700AC05BB /* ProfileViewController.swift */; };
/* End PBXBuildFile section */

/* Begin PBXFileReference section */
		D66BE6EB278554B500FA2CF1 /* ProfileDataView.swift */ = {isa = PBXFileReference; lastKnownFileType = sourcecode.swift; path = ProfileDataView.swift; sourceTree = "<group>"; };
		D66BE6ED27855A1000FA2CF1 /* ProfileCollectionViewCell.swift */ = {isa = PBXFileReference; lastKnownFileType = sourcecode.swift; path = ProfileCollectionViewCell.swift; sourceTree = "<group>"; };
		D66BE6EF2785CAAC00FA2CF1 /* UploadViewController.swift */ = {isa = PBXFileReference; lastKnownFileType = sourcecode.swift; path = UploadViewController.swift; sourceTree = "<group>"; };
		D6A443C927841F7600AC05BB /* InstagramStyleApp.app */ = {isa = PBXFileReference; explicitFileType = wrapper.application; includeInIndex = 0; path = InstagramStyleApp.app; sourceTree = BUILT_PRODUCTS_DIR; };
		D6A443CC27841F7600AC05BB /* AppDelegate.swift */ = {isa = PBXFileReference; lastKnownFileType = sourcecode.swift; path = AppDelegate.swift; sourceTree = "<group>"; };
		D6A443CE27841F7600AC05BB /* SceneDelegate.swift */ = {isa = PBXFileReference; lastKnownFileType = sourcecode.swift; path = SceneDelegate.swift; sourceTree = "<group>"; };
		D6A443D027841F7600AC05BB /* FeedViewController.swift */ = {isa = PBXFileReference; lastKnownFileType = sourcecode.swift; path = FeedViewController.swift; sourceTree = "<group>"; };
		D6A443D527841F7700AC05BB /* Assets.xcassets */ = {isa = PBXFileReference; lastKnownFileType = folder.assetcatalog; path = Assets.xcassets; sourceTree = "<group>"; };
		D6A443D827841F7700AC05BB /* Base */ = {isa = PBXFileReference; lastKnownFileType = file.storyboard; name = Base; path = Base.lproj/LaunchScreen.storyboard; sourceTree = "<group>"; };
		D6A443DA27841F7700AC05BB /* Info.plist */ = {isa = PBXFileReference; lastKnownFileType = text.plist.xml; path = Info.plist; sourceTree = "<group>"; };
		D6A443FF2784231700AC05BB /* TabBarController.swift */ = {isa = PBXFileReference; lastKnownFileType = sourcecode.swift; path = TabBarController.swift; sourceTree = "<group>"; };
		D6A44402278428A500AC05BB /* FeedTableViewCell.swift */ = {isa = PBXFileReference; lastKnownFileType = sourcecode.swift; path = FeedTableViewCell.swift; sourceTree = "<group>"; };
		D6A444042784306B00AC05BB /* UIButton+.swift */ = {isa = PBXFileReference; lastKnownFileType = sourcecode.swift; path = "UIButton+.swift"; sourceTree = "<group>"; };
		D6A44407278465D700AC05BB /* ProfileViewController.swift */ = {isa = PBXFileReference; lastKnownFileType = sourcecode.swift; path = ProfileViewController.swift; sourceTree = "<group>"; };
/* End PBXFileReference section */

/* Begin PBXFrameworksBuildPhase section */
		D6A443C627841F7600AC05BB /* Frameworks */ = {
			isa = PBXFrameworksBuildPhase;
			buildActionMask = 2147483647;
			files = (
				D6A443FE2784216E00AC05BB /* SnapKit in Frameworks */,
			);
			runOnlyForDeploymentPostprocessing = 0;
		};
/* End PBXFrameworksBuildPhase section */

/* Begin PBXGroup section */
		D6A443C027841F7600AC05BB = {
			isa = PBXGroup;
			children = (
				D6A443CB27841F7600AC05BB /* InstagramStyleApp */,
				D6A443CA27841F7600AC05BB /* Products */,
			);
			sourceTree = "<group>";
		};
		D6A443CA27841F7600AC05BB /* Products */ = {
			isa = PBXGroup;
			children = (
				D6A443C927841F7600AC05BB /* InstagramStyleApp.app */,
			);
			name = Products;
			sourceTree = "<group>";
		};
		D6A443CB27841F7600AC05BB /* InstagramStyleApp */ = {
			isa = PBXGroup;
			children = (
				D6A443CC27841F7600AC05BB /* AppDelegate.swift */,
				D6A443CE27841F7600AC05BB /* SceneDelegate.swift */,
				D6A444042784306B00AC05BB /* UIButton+.swift */,
				D6A444012784231B00AC05BB /* Scenes */,
				D6A443D527841F7700AC05BB /* Assets.xcassets */,
				D6A443D727841F7700AC05BB /* LaunchScreen.storyboard */,
				D6A443DA27841F7700AC05BB /* Info.plist */,
			);
			path = InstagramStyleApp;
			sourceTree = "<group>";
		};
		D6A444012784231B00AC05BB /* Scenes */ = {
			isa = PBXGroup;
			children = (
				D6A44406278465C200AC05BB /* Feed */,
				D6A44409278465DA00AC05BB /* Profile */,
				D6A443FF2784231700AC05BB /* TabBarController.swift */,
			);
			path = Scenes;
			sourceTree = "<group>";
		};
		D6A44406278465C200AC05BB /* Feed */ = {
			isa = PBXGroup;
			children = (
				D6A443D027841F7600AC05BB /* FeedViewController.swift */,
				D66BE6EF2785CAAC00FA2CF1 /* UploadViewController.swift */,
				D6A44402278428A500AC05BB /* FeedTableViewCell.swift */,
			);
			path = Feed;
			sourceTree = "<group>";
		};
		D6A44409278465DA00AC05BB /* Profile */ = {
			isa = PBXGroup;
			children = (
				D6A44407278465D700AC05BB /* ProfileViewController.swift */,
				D66BE6EB278554B500FA2CF1 /* ProfileDataView.swift */,
				D66BE6ED27855A1000FA2CF1 /* ProfileCollectionViewCell.swift */,
			);
			path = Profile;
			sourceTree = "<group>";
		};
/* End PBXGroup section */

/* Begin PBXNativeTarget section */
		D6A443C827841F7600AC05BB /* InstagramStyleApp */ = {
			isa = PBXNativeTarget;
			buildConfigurationList = D6A443F327841F7700AC05BB /* Build configuration list for PBXNativeTarget "InstagramStyleApp" */;
			buildPhases = (
				D6A443C527841F7600AC05BB /* Sources */,
				D6A443C627841F7600AC05BB /* Frameworks */,
				D6A443C727841F7600AC05BB /* Resources */,
			);
			buildRules = (
			);
			dependencies = (
			);
			name = InstagramStyleApp;
			packageProductDependencies = (
				D6A443FD2784216E00AC05BB /* SnapKit */,
			);
			productName = InstagramStyleApp;
			productReference = D6A443C927841F7600AC05BB /* InstagramStyleApp.app */;
			productType = "com.apple.product-type.application";
		};
/* End PBXNativeTarget section */

/* Begin PBXProject section */
		D6A443C127841F7600AC05BB /* Project object */ = {
			isa = PBXProject;
			attributes = {
				BuildIndependentTargetsInParallel = 1;
				LastSwiftUpdateCheck = 1310;
				LastUpgradeCheck = 1310;
				TargetAttributes = {
					D6A443C827841F7600AC05BB = {
						CreatedOnToolsVersion = 13.1;
					};
				};
			};
			buildConfigurationList = D6A443C427841F7600AC05BB /* Build configuration list for PBXProject "InstagramStyleApp" */;
			compatibilityVersion = "Xcode 13.0";
			developmentRegion = en;
			hasScannedForEncodings = 0;
			knownRegions = (
				en,
				Base,
			);
			mainGroup = D6A443C027841F7600AC05BB;
			packageReferences = (
				D6A443FC2784216E00AC05BB /* XCRemoteSwiftPackageReference "SnapKit" */,
			);
			productRefGroup = D6A443CA27841F7600AC05BB /* Products */;
			projectDirPath = "";
			projectRoot = "";
			targets = (
				D6A443C827841F7600AC05BB /* InstagramStyleApp */,
			);
		};
/* End PBXProject section */

/* Begin PBXResourcesBuildPhase section */
		D6A443C727841F7600AC05BB /* Resources */ = {
			isa = PBXResourcesBuildPhase;
			buildActionMask = 2147483647;
			files = (
				D6A443D927841F7700AC05BB /* LaunchScreen.storyboard in Resources */,
				D6A443D627841F7700AC05BB /* Assets.xcassets in Resources */,
			);
			runOnlyForDeploymentPostprocessing = 0;
		};
/* End PBXResourcesBuildPhase section */

/* Begin PBXSourcesBuildPhase section */
		D6A443C527841F7600AC05BB /* Sources */ = {
			isa = PBXSourcesBuildPhase;
			buildActionMask = 2147483647;
			files = (
				D6A443D127841F7600AC05BB /* FeedViewController.swift in Sources */,
				D66BE6F02785CAAC00FA2CF1 /* UploadViewController.swift in Sources */,
				D66BE6EE27855A1000FA2CF1 /* ProfileCollectionViewCell.swift in Sources */,
				D6A444052784306B00AC05BB /* UIButton+.swift in Sources */,
				D6A444002784231700AC05BB /* TabBarController.swift in Sources */,
				D6A443CD27841F7600AC05BB /* AppDelegate.swift in Sources */,
				D6A44408278465D700AC05BB /* ProfileViewController.swift in Sources */,
				D6A443CF27841F7600AC05BB /* SceneDelegate.swift in Sources */,
				D66BE6EC278554B500FA2CF1 /* ProfileDataView.swift in Sources */,
				D6A44403278428A500AC05BB /* FeedTableViewCell.swift in Sources */,
			);
			runOnlyForDeploymentPostprocessing = 0;
		};
/* End PBXSourcesBuildPhase section */

/* Begin PBXVariantGroup section */
		D6A443D727841F7700AC05BB /* LaunchScreen.storyboard */ = {
			isa = PBXVariantGroup;
			children = (
				D6A443D827841F7700AC05BB /* Base */,
			);
			name = LaunchScreen.storyboard;
			sourceTree = "<group>";
		};
/* End PBXVariantGroup section */

/* Begin XCBuildConfiguration section */
		D6A443F127841F7700AC05BB /* Debug */ = {
			isa = XCBuildConfiguration;
			buildSettings = {
				ALWAYS_SEARCH_USER_PATHS = NO;
				CLANG_ANALYZER_NONNULL = YES;
				CLANG_ANALYZER_NUMBER_OBJECT_CONVERSION = YES_AGGRESSIVE;
				CLANG_CXX_LANGUAGE_STANDARD = "gnu++17";
				CLANG_CXX_LIBRARY = "libc++";
				CLANG_ENABLE_MODULES = YES;
				CLANG_ENABLE_OBJC_ARC = YES;
				CLANG_ENABLE_OBJC_WEAK = YES;
				CLANG_WARN_BLOCK_CAPTURE_AUTORELEASING = YES;
				CLANG_WARN_BOOL_CONVERSION = YES;
				CLANG_WARN_COMMA = YES;
				CLANG_WARN_CONSTANT_CONVERSION = YES;
				CLANG_WARN_DEPRECATED_OBJC_IMPLEMENTATIONS = YES;
				CLANG_WARN_DIRECT_OBJC_ISA_USAGE = YES_ERROR;
				CLANG_WARN_DOCUMENTATION_COMMENTS = YES;
				CLANG_WARN_EMPTY_BODY = YES;
				CLANG_WARN_ENUM_CONVERSION = YES;
				CLANG_WARN_INFINITE_RECURSION = YES;
				CLANG_WARN_INT_CONVERSION = YES;
				CLANG_WARN_NON_LITERAL_NULL_CONVERSION = YES;
				CLANG_WARN_OBJC_IMPLICIT_RETAIN_SELF = YES;
				CLANG_WARN_OBJC_LITERAL_CONVERSION = YES;
				CLANG_WARN_OBJC_ROOT_CLASS = YES_ERROR;
				CLANG_WARN_QUOTED_INCLUDE_IN_FRAMEWORK_HEADER = YES;
				CLANG_WARN_RANGE_LOOP_ANALYSIS = YES;
				CLANG_WARN_STRICT_PROTOTYPES = YES;
				CLANG_WARN_SUSPICIOUS_MOVE = YES;
				CLANG_WARN_UNGUARDED_AVAILABILITY = YES_AGGRESSIVE;
				CLANG_WARN_UNREACHABLE_CODE = YES;
				CLANG_WARN__DUPLICATE_METHOD_MATCH = YES;
				COPY_PHASE_STRIP = NO;
				DEBUG_INFORMATION_FORMAT = dwarf;
				ENABLE_STRICT_OBJC_MSGSEND = YES;
				ENABLE_TESTABILITY = YES;
				GCC_C_LANGUAGE_STANDARD = gnu11;
				GCC_DYNAMIC_NO_PIC = NO;
				GCC_NO_COMMON_BLOCKS = YES;
				GCC_OPTIMIZATION_LEVEL = 0;
				GCC_PREPROCESSOR_DEFINITIONS = (
					"DEBUG=1",
					"$(inherited)",
				);
				GCC_WARN_64_TO_32_BIT_CONVERSION = YES;
				GCC_WARN_ABOUT_RETURN_TYPE = YES_ERROR;
				GCC_WARN_UNDECLARED_SELECTOR = YES;
				GCC_WARN_UNINITIALIZED_AUTOS = YES_AGGRESSIVE;
				GCC_WARN_UNUSED_FUNCTION = YES;
				GCC_WARN_UNUSED_VARIABLE = YES;
				IPHONEOS_DEPLOYMENT_TARGET = 15.0;
				MTL_ENABLE_DEBUG_INFO = INCLUDE_SOURCE;
				MTL_FAST_MATH = YES;
				ONLY_ACTIVE_ARCH = YES;
				SDKROOT = iphoneos;
				SWIFT_ACTIVE_COMPILATION_CONDITIONS = DEBUG;
				SWIFT_OPTIMIZATION_LEVEL = "-Onone";
			};
			name = Debug;
		};
		D6A443F227841F7700AC05BB /* Release */ = {
			isa = XCBuildConfiguration;
			buildSettings = {
				ALWAYS_SEARCH_USER_PATHS = NO;
				CLANG_ANALYZER_NONNULL = YES;
				CLANG_ANALYZER_NUMBER_OBJECT_CONVERSION = YES_AGGRESSIVE;
				CLANG_CXX_LANGUAGE_STANDARD = "gnu++17";
				CLANG_CXX_LIBRARY = "libc++";
				CLANG_ENABLE_MODULES = YES;
				CLANG_ENABLE_OBJC_ARC = YES;
				CLANG_ENABLE_OBJC_WEAK = YES;
				CLANG_WARN_BLOCK_CAPTURE_AUTORELEASING = YES;
				CLANG_WARN_BOOL_CONVERSION = YES;
				CLANG_WARN_COMMA = YES;
				CLANG_WARN_CONSTANT_CONVERSION = YES;
				CLANG_WARN_DEPRECATED_OBJC_IMPLEMENTATIONS = YES;
				CLANG_WARN_DIRECT_OBJC_ISA_USAGE = YES_ERROR;
				CLANG_WARN_DOCUMENTATION_COMMENTS = YES;
				CLANG_WARN_EMPTY_BODY = YES;
				CLANG_WARN_ENUM_CONVERSION = YES;
				CLANG_WARN_INFINITE_RECURSION = YES;
				CLANG_WARN_INT_CONVERSION = YES;
				CLANG_WARN_NON_LITERAL_NULL_CONVERSION = YES;
				CLANG_WARN_OBJC_IMPLICIT_RETAIN_SELF = YES;
				CLANG_WARN_OBJC_LITERAL_CONVERSION = YES;
				CLANG_WARN_OBJC_ROOT_CLASS = YES_ERROR;
				CLANG_WARN_QUOTED_INCLUDE_IN_FRAMEWORK_HEADER = YES;
				CLANG_WARN_RANGE_LOOP_ANALYSIS = YES;
				CLANG_WARN_STRICT_PROTOTYPES = YES;
				CLANG_WARN_SUSPICIOUS_MOVE = YES;
				CLANG_WARN_UNGUARDED_AVAILABILITY = YES_AGGRESSIVE;
				CLANG_WARN_UNREACHABLE_CODE = YES;
				CLANG_WARN__DUPLICATE_METHOD_MATCH = YES;
				COPY_PHASE_STRIP = NO;
				DEBUG_INFORMATION_FORMAT = "dwarf-with-dsym";
				ENABLE_NS_ASSERTIONS = NO;
				ENABLE_STRICT_OBJC_MSGSEND = YES;
				GCC_C_LANGUAGE_STANDARD = gnu11;
				GCC_NO_COMMON_BLOCKS = YES;
				GCC_WARN_64_TO_32_BIT_CONVERSION = YES;
				GCC_WARN_ABOUT_RETURN_TYPE = YES_ERROR;
				GCC_WARN_UNDECLARED_SELECTOR = YES;
				GCC_WARN_UNINITIALIZED_AUTOS = YES_AGGRESSIVE;
				GCC_WARN_UNUSED_FUNCTION = YES;
				GCC_WARN_UNUSED_VARIABLE = YES;
				IPHONEOS_DEPLOYMENT_TARGET = 15.0;
				MTL_ENABLE_DEBUG_INFO = NO;
				MTL_FAST_MATH = YES;
				SDKROOT = iphoneos;
				SWIFT_COMPILATION_MODE = wholemodule;
				SWIFT_OPTIMIZATION_LEVEL = "-O";
				VALIDATE_PRODUCT = YES;
			};
			name = Release;
		};
		D6A443F427841F7700AC05BB /* Debug */ = {
			isa = XCBuildConfiguration;
			buildSettings = {
				ASSETCATALOG_COMPILER_APPICON_NAME = AppIcon;
				ASSETCATALOG_COMPILER_GLOBAL_ACCENT_COLOR_NAME = AccentColor;
				CODE_SIGN_STYLE = Automatic;
				CURRENT_PROJECT_VERSION = 1;
				GENERATE_INFOPLIST_FILE = YES;
				INFOPLIST_FILE = InstagramStyleApp/Info.plist;
				INFOPLIST_KEY_UIApplicationSupportsIndirectInputEvents = YES;
				INFOPLIST_KEY_UILaunchStoryboardName = LaunchScreen;
				INFOPLIST_KEY_UISupportedInterfaceOrientations_iPad = "UIInterfaceOrientationPortrait UIInterfaceOrientationPortraitUpsideDown UIInterfaceOrientationLandscapeLeft UIInterfaceOrientationLandscapeRight";
				INFOPLIST_KEY_UISupportedInterfaceOrientations_iPhone = "UIInterfaceOrientationPortrait UIInterfaceOrientationLandscapeLeft UIInterfaceOrientationLandscapeRight";
				LD_RUNPATH_SEARCH_PATHS = (
					"$(inherited)",
					"@executable_path/Frameworks",
				);
				MARKETING_VERSION = 1.0;
				PRODUCT_BUNDLE_IDENTIFIER = jeonggi.InstagramStyleApp;
				PRODUCT_NAME = "$(TARGET_NAME)";
				SWIFT_EMIT_LOC_STRINGS = YES;
				SWIFT_VERSION = 5.0;
				TARGETED_DEVICE_FAMILY = "1,2";
			};
			name = Debug;
		};
		D6A443F527841F7700AC05BB /* Release */ = {
			isa = XCBuildConfiguration;
			buildSettings = {
				ASSETCATALOG_COMPILER_APPICON_NAME = AppIcon;
				ASSETCATALOG_COMPILER_GLOBAL_ACCENT_COLOR_NAME = AccentColor;
				CODE_SIGN_STYLE = Automatic;
				CURRENT_PROJECT_VERSION = 1;
				GENERATE_INFOPLIST_FILE = YES;
				INFOPLIST_FILE = InstagramStyleApp/Info.plist;
				INFOPLIST_KEY_UIApplicationSupportsIndirectInputEvents = YES;
				INFOPLIST_KEY_UILaunchStoryboardName = LaunchScreen;
				INFOPLIST_KEY_UISupportedInterfaceOrientations_iPad = "UIInterfaceOrientationPortrait UIInterfaceOrientationPortraitUpsideDown UIInterfaceOrientationLandscapeLeft UIInterfaceOrientationLandscapeRight";
				INFOPLIST_KEY_UISupportedInterfaceOrientations_iPhone = "UIInterfaceOrientationPortrait UIInterfaceOrientationLandscapeLeft UIInterfaceOrientationLandscapeRight";
				LD_RUNPATH_SEARCH_PATHS = (
					"$(inherited)",
					"@executable_path/Frameworks",
				);
				MARKETING_VERSION = 1.0;
				PRODUCT_BUNDLE_IDENTIFIER = jeonggi.InstagramStyleApp;
				PRODUCT_NAME = "$(TARGET_NAME)";
				SWIFT_EMIT_LOC_STRINGS = YES;
				SWIFT_VERSION = 5.0;
				TARGETED_DEVICE_FAMILY = "1,2";
			};
			name = Release;
		};
/* End XCBuildConfiguration section */

/* Begin XCConfigurationList section */
		D6A443C427841F7600AC05BB /* Build configuration list for PBXProject "InstagramStyleApp" */ = {
			isa = XCConfigurationList;
			buildConfigurations = (
				D6A443F127841F7700AC05BB /* Debug */,
				D6A443F227841F7700AC05BB /* Release */,
			);
			defaultConfigurationIsVisible = 0;
			defaultConfigurationName = Release;
		};
		D6A443F327841F7700AC05BB /* Build configuration list for PBXNativeTarget "InstagramStyleApp" */ = {
			isa = XCConfigurationList;
			buildConfigurations = (
				D6A443F427841F7700AC05BB /* Debug */,
				D6A443F527841F7700AC05BB /* Release */,
			);
			defaultConfigurationIsVisible = 0;
			defaultConfigurationName = Release;
		};
/* End XCConfigurationList section */

/* Begin XCRemoteSwiftPackageReference section */
		D6A443FC2784216E00AC05BB /* XCRemoteSwiftPackageReference "SnapKit" */ = {
			isa = XCRemoteSwiftPackageReference;
			repositoryURL = "https://github.com/SnapKit/SnapKit.git";
			requirement = {
				kind = upToNextMajorVersion;
				minimumVersion = 5.0.0;
			};
		};
/* End XCRemoteSwiftPackageReference section */

/* Begin XCSwiftPackageProductDependency section */
		D6A443FD2784216E00AC05BB /* SnapKit */ = {
			isa = XCSwiftPackageProductDependency;
			package = D6A443FC2784216E00AC05BB /* XCRemoteSwiftPackageReference "SnapKit" */;
			productName = SnapKit;
		};
/* End XCSwiftPackageProductDependency section */
	};
	rootObject = D6A443C127841F7600AC05BB /* Project object */;
}
