// !$*UTF8*$!
{
	archiveVersion = 1;
	classes = {
	};
	objectVersion = 55;
	objects = {

/* Begin PBXBuildFile section */
		95C2568847CACB149602D0B0 /* Pods_CreditCardList.framework in Frameworks */ = {isa = PBXBuildFile; fileRef = 5BE1C6BD63C89C994E5ED32E /* Pods_CreditCardList.framework */; };
		D6698D432737EE240018AF7E /* AppDelegate.swift in Sources */ = {isa = PBXBuildFile; fileRef = D6698D422737EE240018AF7E /* AppDelegate.swift */; };
		D6698D452737EE240018AF7E /* SceneDelegate.swift in Sources */ = {isa = PBXBuildFile; fileRef = D6698D442737EE240018AF7E /* SceneDelegate.swift */; };
		D6698D4A2737EE240018AF7E /* Main.storyboard in Resources */ = {isa = PBXBuildFile; fileRef = D6698D482737EE240018AF7E /* Main.storyboard */; };
		D6698D4C2737EE250018AF7E /* Assets.xcassets in Resources */ = {isa = PBXBuildFile; fileRef = D6698D4B2737EE250018AF7E /* Assets.xcassets */; };
		D6698D4F2737EE250018AF7E /* LaunchScreen.storyboard in Resources */ = {isa = PBXBuildFile; fileRef = D6698D4D2737EE250018AF7E /* LaunchScreen.storyboard */; };
		D6698D572737EE4B0018AF7E /* CardListViewController.swift in Sources */ = {isa = PBXBuildFile; fileRef = D6698D562737EE4B0018AF7E /* CardListViewController.swift */; };
		D6698D592737EF0A0018AF7E /* CreditCard.swift in Sources */ = {isa = PBXBuildFile; fileRef = D6698D582737EF0A0018AF7E /* CreditCard.swift */; };
		D6698D5E2737EFEC0018AF7E /* CardListCell.swift in Sources */ = {isa = PBXBuildFile; fileRef = D6698D5C2737EFEC0018AF7E /* CardListCell.swift */; };
		D6698D5F2737EFEC0018AF7E /* CardListCell.xib in Resources */ = {isa = PBXBuildFile; fileRef = D6698D5D2737EFEC0018AF7E /* CardListCell.xib */; };
		D6698D632737F6780018AF7E /* money.json in Resources */ = {isa = PBXBuildFile; fileRef = D6698D622737F6780018AF7E /* money.json */; };
		D6698D67273825210018AF7E /* GoogleService-Info.plist in Resources */ = {isa = PBXBuildFile; fileRef = D6698D66273825210018AF7E /* GoogleService-Info.plist */; };
		D6698D6927382C4A0018AF7E /* CardDetailViewController.swift in Sources */ = {isa = PBXBuildFile; fileRef = D6698D6827382C4A0018AF7E /* CardDetailViewController.swift */; };
		D67F3F9D273A434A00CA4DAE /* CreditCardDummy.swift in Sources */ = {isa = PBXBuildFile; fileRef = D67F3F9C273A434A00CA4DAE /* CreditCardDummy.swift */; };
/* End PBXBuildFile section */

/* Begin PBXFileReference section */
		44EA7A9380F87BFBAF54F02E /* Pods-CreditCardList.release.xcconfig */ = {isa = PBXFileReference; includeInIndex = 1; lastKnownFileType = text.xcconfig; name = "Pods-CreditCardList.release.xcconfig"; path = "Target Support Files/Pods-CreditCardList/Pods-CreditCardList.release.xcconfig"; sourceTree = "<group>"; };
		5BE1C6BD63C89C994E5ED32E /* Pods_CreditCardList.framework */ = {isa = PBXFileReference; explicitFileType = wrapper.framework; includeInIndex = 0; path = Pods_CreditCardList.framework; sourceTree = BUILT_PRODUCTS_DIR; };
		5F4203B9BE757623A9FD868A /* Pods-CreditCardList.debug.xcconfig */ = {isa = PBXFileReference; includeInIndex = 1; lastKnownFileType = text.xcconfig; name = "Pods-CreditCardList.debug.xcconfig"; path = "Target Support Files/Pods-CreditCardList/Pods-CreditCardList.debug.xcconfig"; sourceTree = "<group>"; };
		D6698D3F2737EE240018AF7E /* CreditCardList.app */ = {isa = PBXFileReference; explicitFileType = wrapper.application; includeInIndex = 0; path = CreditCardList.app; sourceTree = BUILT_PRODUCTS_DIR; };
		D6698D422737EE240018AF7E /* AppDelegate.swift */ = {isa = PBXFileReference; lastKnownFileType = sourcecode.swift; path = AppDelegate.swift; sourceTree = "<group>"; };
		D6698D442737EE240018AF7E /* SceneDelegate.swift */ = {isa = PBXFileReference; lastKnownFileType = sourcecode.swift; path = SceneDelegate.swift; sourceTree = "<group>"; };
		D6698D492737EE240018AF7E /* Base */ = {isa = PBXFileReference; lastKnownFileType = file.storyboard; name = Base; path = Base.lproj/Main.storyboard; sourceTree = "<group>"; };
		D6698D4B2737EE250018AF7E /* Assets.xcassets */ = {isa = PBXFileReference; lastKnownFileType = folder.assetcatalog; path = Assets.xcassets; sourceTree = "<group>"; };
		D6698D4E2737EE250018AF7E /* Base */ = {isa = PBXFileReference; lastKnownFileType = file.storyboard; name = Base; path = Base.lproj/LaunchScreen.storyboard; sourceTree = "<group>"; };
		D6698D502737EE250018AF7E /* Info.plist */ = {isa = PBXFileReference; lastKnownFileType = text.plist.xml; path = Info.plist; sourceTree = "<group>"; };
		D6698D562737EE4B0018AF7E /* CardListViewController.swift */ = {isa = PBXFileReference; lastKnownFileType = sourcecode.swift; path = CardListViewController.swift; sourceTree = "<group>"; };
		D6698D582737EF0A0018AF7E /* CreditCard.swift */ = {isa = PBXFileReference; lastKnownFileType = sourcecode.swift; path = CreditCard.swift; sourceTree = "<group>"; };
		D6698D5C2737EFEC0018AF7E /* CardListCell.swift */ = {isa = PBXFileReference; lastKnownFileType = sourcecode.swift; path = CardListCell.swift; sourceTree = "<group>"; };
		D6698D5D2737EFEC0018AF7E /* CardListCell.xib */ = {isa = PBXFileReference; lastKnownFileType = file.xib; path = CardListCell.xib; sourceTree = "<group>"; };
		D6698D622737F6780018AF7E /* money.json */ = {isa = PBXFileReference; fileEncoding = 4; lastKnownFileType = text.json; path = money.json; sourceTree = "<group>"; };
		D6698D66273825210018AF7E /* GoogleService-Info.plist */ = {isa = PBXFileReference; fileEncoding = 4; lastKnownFileType = text.plist.xml; path = "GoogleService-Info.plist"; sourceTree = "<group>"; };
		D6698D6827382C4A0018AF7E /* CardDetailViewController.swift */ = {isa = PBXFileReference; lastKnownFileType = sourcecode.swift; path = CardDetailViewController.swift; sourceTree = "<group>"; };
		D67F3F9C273A434A00CA4DAE /* CreditCardDummy.swift */ = {isa = PBXFileReference; fileEncoding = 4; lastKnownFileType = sourcecode.swift; path = CreditCardDummy.swift; sourceTree = "<group>"; };
/* End PBXFileReference section */

/* Begin PBXFrameworksBuildPhase section */
		D6698D3C2737EE240018AF7E /* Frameworks */ = {
			isa = PBXFrameworksBuildPhase;
			buildActionMask = 2147483647;
			files = (
				95C2568847CACB149602D0B0 /* Pods_CreditCardList.framework in Frameworks */,
			);
			runOnlyForDeploymentPostprocessing = 0;
		};
/* End PBXFrameworksBuildPhase section */

/* Begin PBXGroup section */
		87D99067E40C8901081D6848 /* Frameworks */ = {
			isa = PBXGroup;
			children = (
				5BE1C6BD63C89C994E5ED32E /* Pods_CreditCardList.framework */,
			);
			name = Frameworks;
			sourceTree = "<group>";
		};
		D6698D362737EE240018AF7E = {
			isa = PBXGroup;
			children = (
				D6698D412737EE240018AF7E /* CreditCardList */,
				D6698D402737EE240018AF7E /* Products */,
				F711613F104F57150D256A4F /* Pods */,
				87D99067E40C8901081D6848 /* Frameworks */,
			);
			sourceTree = "<group>";
		};
		D6698D402737EE240018AF7E /* Products */ = {
			isa = PBXGroup;
			children = (
				D6698D3F2737EE240018AF7E /* CreditCardList.app */,
			);
			name = Products;
			sourceTree = "<group>";
		};
		D6698D412737EE240018AF7E /* CreditCardList */ = {
			isa = PBXGroup;
			children = (
				D6698D66273825210018AF7E /* GoogleService-Info.plist */,
				D6698D622737F6780018AF7E /* money.json */,
				D6698D422737EE240018AF7E /* AppDelegate.swift */,
				D6698D442737EE240018AF7E /* SceneDelegate.swift */,
				D6698D482737EE240018AF7E /* Main.storyboard */,
				D6698D582737EF0A0018AF7E /* CreditCard.swift */,
				D6698D562737EE4B0018AF7E /* CardListViewController.swift */,
				D6698D6827382C4A0018AF7E /* CardDetailViewController.swift */,
				D6698D4B2737EE250018AF7E /* Assets.xcassets */,
				D6698D4D2737EE250018AF7E /* LaunchScreen.storyboard */,
				D6698D502737EE250018AF7E /* Info.plist */,
				D6698D5C2737EFEC0018AF7E /* CardListCell.swift */,
				D6698D5D2737EFEC0018AF7E /* CardListCell.xib */,
				D67F3F9C273A434A00CA4DAE /* CreditCardDummy.swift */,
			);
			path = CreditCardList;
			sourceTree = "<group>";
		};
		F711613F104F57150D256A4F /* Pods */ = {
			isa = PBXGroup;
			children = (
				5F4203B9BE757623A9FD868A /* Pods-CreditCardList.debug.xcconfig */,
				44EA7A9380F87BFBAF54F02E /* Pods-CreditCardList.release.xcconfig */,
			);
			path = Pods;
			sourceTree = "<group>";
		};
/* End PBXGroup section */

/* Begin PBXNativeTarget section */
		D6698D3E2737EE240018AF7E /* CreditCardList */ = {
			isa = PBXNativeTarget;
			buildConfigurationList = D6698D532737EE250018AF7E /* Build configuration list for PBXNativeTarget "CreditCardList" */;
			buildPhases = (
				D1C515006EA326570F5378BA /* [CP] Check Pods Manifest.lock */,
				D6698D3B2737EE240018AF7E /* Sources */,
				D6698D3C2737EE240018AF7E /* Frameworks */,
				D6698D3D2737EE240018AF7E /* Resources */,
				9DF3CA631B6EC78DDB0C0AB5 /* [CP] Embed Pods Frameworks */,
			);
			buildRules = (
			);
			dependencies = (
			);
			name = CreditCardList;
			productName = CreditCardList;
			productReference = D6698D3F2737EE240018AF7E /* CreditCardList.app */;
			productType = "com.apple.product-type.application";
		};
/* End PBXNativeTarget section */

/* Begin PBXProject section */
		D6698D372737EE240018AF7E /* Project object */ = {
			isa = PBXProject;
			attributes = {
				BuildIndependentTargetsInParallel = 1;
				LastSwiftUpdateCheck = 1310;
				LastUpgradeCheck = 1310;
				TargetAttributes = {
					D6698D3E2737EE240018AF7E = {
						CreatedOnToolsVersion = 13.1;
					};
				};
			};
			buildConfigurationList = D6698D3A2737EE240018AF7E /* Build configuration list for PBXProject "CreditCardList" */;
			compatibilityVersion = "Xcode 13.0";
			developmentRegion = en;
			hasScannedForEncodings = 0;
			knownRegions = (
				en,
				Base,
			);
			mainGroup = D6698D362737EE240018AF7E;
			productRefGroup = D6698D402737EE240018AF7E /* Products */;
			projectDirPath = "";
			projectRoot = "";
			targets = (
				D6698D3E2737EE240018AF7E /* CreditCardList */,
			);
		};
/* End PBXProject section */

/* Begin PBXResourcesBuildPhase section */
		D6698D3D2737EE240018AF7E /* Resources */ = {
			isa = PBXResourcesBuildPhase;
			buildActionMask = 2147483647;
			files = (
				D6698D4F2737EE250018AF7E /* LaunchScreen.storyboard in Resources */,
				D6698D4C2737EE250018AF7E /* Assets.xcassets in Resources */,
				D6698D632737F6780018AF7E /* money.json in Resources */,
				D6698D4A2737EE240018AF7E /* Main.storyboard in Resources */,
				D6698D5F2737EFEC0018AF7E /* CardListCell.xib in Resources */,
				D6698D67273825210018AF7E /* GoogleService-Info.plist in Resources */,
			);
			runOnlyForDeploymentPostprocessing = 0;
		};
/* End PBXResourcesBuildPhase section */

/* Begin PBXShellScriptBuildPhase section */
		9DF3CA631B6EC78DDB0C0AB5 /* [CP] Embed Pods Frameworks */ = {
			isa = PBXShellScriptBuildPhase;
			buildActionMask = 2147483647;
			files = (
			);
			inputFileListPaths = (
				"${PODS_ROOT}/Target Support Files/Pods-CreditCardList/Pods-CreditCardList-frameworks-${CONFIGURATION}-input-files.xcfilelist",
			);
			name = "[CP] Embed Pods Frameworks";
			outputFileListPaths = (
				"${PODS_ROOT}/Target Support Files/Pods-CreditCardList/Pods-CreditCardList-frameworks-${CONFIGURATION}-output-files.xcfilelist",
			);
			runOnlyForDeploymentPostprocessing = 0;
			shellPath = /bin/sh;
			shellScript = "\"${PODS_ROOT}/Target Support Files/Pods-CreditCardList/Pods-CreditCardList-frameworks.sh\"\n";
			showEnvVarsInLog = 0;
		};
		D1C515006EA326570F5378BA /* [CP] Check Pods Manifest.lock */ = {
			isa = PBXShellScriptBuildPhase;
			buildActionMask = 2147483647;
			files = (
			);
			inputFileListPaths = (
			);
			inputPaths = (
				"${PODS_PODFILE_DIR_PATH}/Podfile.lock",
				"${PODS_ROOT}/Manifest.lock",
			);
			name = "[CP] Check Pods Manifest.lock";
			outputFileListPaths = (
			);
			outputPaths = (
				"$(DERIVED_FILE_DIR)/Pods-CreditCardList-checkManifestLockResult.txt",
			);
			runOnlyForDeploymentPostprocessing = 0;
			shellPath = /bin/sh;
			shellScript = "diff \"${PODS_PODFILE_DIR_PATH}/Podfile.lock\" \"${PODS_ROOT}/Manifest.lock\" > /dev/null\nif [ $? != 0 ] ; then\n    # print error to STDERR\n    echo \"error: The sandbox is not in sync with the Podfile.lock. Run 'pod install' or update your CocoaPods installation.\" >&2\n    exit 1\nfi\n# This output is used by Xcode 'outputs' to avoid re-running this script phase.\necho \"SUCCESS\" > \"${SCRIPT_OUTPUT_FILE_0}\"\n";
			showEnvVarsInLog = 0;
		};
/* End PBXShellScriptBuildPhase section */

/* Begin PBXSourcesBuildPhase section */
		D6698D3B2737EE240018AF7E /* Sources */ = {
			isa = PBXSourcesBuildPhase;
			buildActionMask = 2147483647;
			files = (
				D6698D592737EF0A0018AF7E /* CreditCard.swift in Sources */,
				D6698D5E2737EFEC0018AF7E /* CardListCell.swift in Sources */,
				D6698D572737EE4B0018AF7E /* CardListViewController.swift in Sources */,
				D6698D432737EE240018AF7E /* AppDelegate.swift in Sources */,
				D67F3F9D273A434A00CA4DAE /* CreditCardDummy.swift in Sources */,
				D6698D452737EE240018AF7E /* SceneDelegate.swift in Sources */,
				D6698D6927382C4A0018AF7E /* CardDetailViewController.swift in Sources */,
			);
			runOnlyForDeploymentPostprocessing = 0;
		};
/* End PBXSourcesBuildPhase section */

/* Begin PBXVariantGroup section */
		D6698D482737EE240018AF7E /* Main.storyboard */ = {
			isa = PBXVariantGroup;
			children = (
				D6698D492737EE240018AF7E /* Base */,
			);
			name = Main.storyboard;
			sourceTree = "<group>";
		};
		D6698D4D2737EE250018AF7E /* LaunchScreen.storyboard */ = {
			isa = PBXVariantGroup;
			children = (
				D6698D4E2737EE250018AF7E /* Base */,
			);
			name = LaunchScreen.storyboard;
			sourceTree = "<group>";
		};
/* End PBXVariantGroup section */

/* Begin XCBuildConfiguration section */
		D6698D512737EE250018AF7E /* Debug */ = {
			isa = XCBuildConfiguration;
			buildSettings = {
				ALWAYS_SEARCH_USER_PATHS = NO;
				CLANG_ANALYZER_NONNULL = YES;
				CLANG_ANALYZER_NUMBER_OBJECT_CONVERSION = YES_AGGRESSIVE;
				CLANG_CXX_LANGUAGE_STANDARD = "gnu++17";
				CLANG_CXX_LIBRARY = "libc++";
				CLANG_ENABLE_MODULES = YES;
				CLANG_ENABLE_OBJC_ARC = YES;
				CLANG_ENABLE_OBJC_WEAK = YES;
				CLANG_WARN_BLOCK_CAPTURE_AUTORELEASING = YES;
				CLANG_WARN_BOOL_CONVERSION = YES;
				CLANG_WARN_COMMA = YES;
				CLANG_WARN_CONSTANT_CONVERSION = YES;
				CLANG_WARN_DEPRECATED_OBJC_IMPLEMENTATIONS = YES;
				CLANG_WARN_DIRECT_OBJC_ISA_USAGE = YES_ERROR;
				CLANG_WARN_DOCUMENTATION_COMMENTS = YES;
				CLANG_WARN_EMPTY_BODY = YES;
				CLANG_WARN_ENUM_CONVERSION = YES;
				CLANG_WARN_INFINITE_RECURSION = YES;
				CLANG_WARN_INT_CONVERSION = YES;
				CLANG_WARN_NON_LITERAL_NULL_CONVERSION = YES;
				CLANG_WARN_OBJC_IMPLICIT_RETAIN_SELF = YES;
				CLANG_WARN_OBJC_LITERAL_CONVERSION = YES;
				CLANG_WARN_OBJC_ROOT_CLASS = YES_ERROR;
				CLANG_WARN_QUOTED_INCLUDE_IN_FRAMEWORK_HEADER = YES;
				CLANG_WARN_RANGE_LOOP_ANALYSIS = YES;
				CLANG_WARN_STRICT_PROTOTYPES = YES;
				CLANG_WARN_SUSPICIOUS_MOVE = YES;
				CLANG_WARN_UNGUARDED_AVAILABILITY = YES_AGGRESSIVE;
				CLANG_WARN_UNREACHABLE_CODE = YES;
				CLANG_WARN__DUPLICATE_METHOD_MATCH = YES;
				COPY_PHASE_STRIP = NO;
				DEBUG_INFORMATION_FORMAT = dwarf;
				ENABLE_STRICT_OBJC_MSGSEND = YES;
				ENABLE_TESTABILITY = YES;
				GCC_C_LANGUAGE_STANDARD = gnu11;
				GCC_DYNAMIC_NO_PIC = NO;
				GCC_NO_COMMON_BLOCKS = YES;
				GCC_OPTIMIZATION_LEVEL = 0;
				GCC_PREPROCESSOR_DEFINITIONS = (
					"DEBUG=1",
					"$(inherited)",
				);
				GCC_WARN_64_TO_32_BIT_CONVERSION = YES;
				GCC_WARN_ABOUT_RETURN_TYPE = YES_ERROR;
				GCC_WARN_UNDECLARED_SELECTOR = YES;
				GCC_WARN_UNINITIALIZED_AUTOS = YES_AGGRESSIVE;
				GCC_WARN_UNUSED_FUNCTION = YES;
				GCC_WARN_UNUSED_VARIABLE = YES;
				IPHONEOS_DEPLOYMENT_TARGET = 15.0;
				MTL_ENABLE_DEBUG_INFO = INCLUDE_SOURCE;
				MTL_FAST_MATH = YES;
				ONLY_ACTIVE_ARCH = YES;
				SDKROOT = iphoneos;
				SWIFT_ACTIVE_COMPILATION_CONDITIONS = DEBUG;
				SWIFT_OPTIMIZATION_LEVEL = "-Onone";
			};
			name = Debug;
		};
		D6698D522737EE250018AF7E /* Release */ = {
			isa = XCBuildConfiguration;
			buildSettings = {
				ALWAYS_SEARCH_USER_PATHS = NO;
				CLANG_ANALYZER_NONNULL = YES;
				CLANG_ANALYZER_NUMBER_OBJECT_CONVERSION = YES_AGGRESSIVE;
				CLANG_CXX_LANGUAGE_STANDARD = "gnu++17";
				CLANG_CXX_LIBRARY = "libc++";
				CLANG_ENABLE_MODULES = YES;
				CLANG_ENABLE_OBJC_ARC = YES;
				CLANG_ENABLE_OBJC_WEAK = YES;
				CLANG_WARN_BLOCK_CAPTURE_AUTORELEASING = YES;
				CLANG_WARN_BOOL_CONVERSION = YES;
				CLANG_WARN_COMMA = YES;
				CLANG_WARN_CONSTANT_CONVERSION = YES;
				CLANG_WARN_DEPRECATED_OBJC_IMPLEMENTATIONS = YES;
				CLANG_WARN_DIRECT_OBJC_ISA_USAGE = YES_ERROR;
				CLANG_WARN_DOCUMENTATION_COMMENTS = YES;
				CLANG_WARN_EMPTY_BODY = YES;
				CLANG_WARN_ENUM_CONVERSION = YES;
				CLANG_WARN_INFINITE_RECURSION = YES;
				CLANG_WARN_INT_CONVERSION = YES;
				CLANG_WARN_NON_LITERAL_NULL_CONVERSION = YES;
				CLANG_WARN_OBJC_IMPLICIT_RETAIN_SELF = YES;
				CLANG_WARN_OBJC_LITERAL_CONVERSION = YES;
				CLANG_WARN_OBJC_ROOT_CLASS = YES_ERROR;
				CLANG_WARN_QUOTED_INCLUDE_IN_FRAMEWORK_HEADER = YES;
				CLANG_WARN_RANGE_LOOP_ANALYSIS = YES;
				CLANG_WARN_STRICT_PROTOTYPES = YES;
				CLANG_WARN_SUSPICIOUS_MOVE = YES;
				CLANG_WARN_UNGUARDED_AVAILABILITY = YES_AGGRESSIVE;
				CLANG_WARN_UNREACHABLE_CODE = YES;
				CLANG_WARN__DUPLICATE_METHOD_MATCH = YES;
				COPY_PHASE_STRIP = NO;
				DEBUG_INFORMATION_FORMAT = "dwarf-with-dsym";
				ENABLE_NS_ASSERTIONS = NO;
				ENABLE_STRICT_OBJC_MSGSEND = YES;
				GCC_C_LANGUAGE_STANDARD = gnu11;
				GCC_NO_COMMON_BLOCKS = YES;
				GCC_WARN_64_TO_32_BIT_CONVERSION = YES;
				GCC_WARN_ABOUT_RETURN_TYPE = YES_ERROR;
				GCC_WARN_UNDECLARED_SELECTOR = YES;
				GCC_WARN_UNINITIALIZED_AUTOS = YES_AGGRESSIVE;
				GCC_WARN_UNUSED_FUNCTION = YES;
				GCC_WARN_UNUSED_VARIABLE = YES;
				IPHONEOS_DEPLOYMENT_TARGET = 15.0;
				MTL_ENABLE_DEBUG_INFO = NO;
				MTL_FAST_MATH = YES;
				SDKROOT = iphoneos;
				SWIFT_COMPILATION_MODE = wholemodule;
				SWIFT_OPTIMIZATION_LEVEL = "-O";
				VALIDATE_PRODUCT = YES;
			};
			name = Release;
		};
		D6698D542737EE250018AF7E /* Debug */ = {
			isa = XCBuildConfiguration;
			baseConfigurationReference = 5F4203B9BE757623A9FD868A /* Pods-CreditCardList.debug.xcconfig */;
			buildSettings = {
				ASSETCATALOG_COMPILER_APPICON_NAME = AppIcon;
				ASSETCATALOG_COMPILER_GLOBAL_ACCENT_COLOR_NAME = AccentColor;
				CODE_SIGN_STYLE = Automatic;
				CURRENT_PROJECT_VERSION = 1;
				DEVELOPMENT_TEAM = 4ULJ48KG8N;
				GENERATE_INFOPLIST_FILE = YES;
				INFOPLIST_FILE = CreditCardList/Info.plist;
				INFOPLIST_KEY_UIApplicationSupportsIndirectInputEvents = YES;
				INFOPLIST_KEY_UILaunchStoryboardName = LaunchScreen;
				INFOPLIST_KEY_UIMainStoryboardFile = Main;
				INFOPLIST_KEY_UISupportedInterfaceOrientations_iPad = "UIInterfaceOrientationPortrait UIInterfaceOrientationPortraitUpsideDown UIInterfaceOrientationLandscapeLeft UIInterfaceOrientationLandscapeRight";
				INFOPLIST_KEY_UISupportedInterfaceOrientations_iPhone = "UIInterfaceOrientationPortrait UIInterfaceOrientationLandscapeLeft UIInterfaceOrientationLandscapeRight";
				LD_RUNPATH_SEARCH_PATHS = (
					"$(inherited)",
					"@executable_path/Frameworks",
				);
				MARKETING_VERSION = 1.0;
				PRODUCT_BUNDLE_IDENTIFIER = kr.or.hongjeonggi.CreditCardList;
				PRODUCT_NAME = "$(TARGET_NAME)";
				SWIFT_EMIT_LOC_STRINGS = YES;
				SWIFT_VERSION = 5.0;
				TARGETED_DEVICE_FAMILY = "1,2";
			};
			name = Debug;
		};
		D6698D552737EE250018AF7E /* Release */ = {
			isa = XCBuildConfiguration;
			baseConfigurationReference = 44EA7A9380F87BFBAF54F02E /* Pods-CreditCardList.release.xcconfig */;
			buildSettings = {
				ASSETCATALOG_COMPILER_APPICON_NAME = AppIcon;
				ASSETCATALOG_COMPILER_GLOBAL_ACCENT_COLOR_NAME = AccentColor;
				CODE_SIGN_STYLE = Automatic;
				CURRENT_PROJECT_VERSION = 1;
				DEVELOPMENT_TEAM = 4ULJ48KG8N;
				GENERATE_INFOPLIST_FILE = YES;
				INFOPLIST_FILE = CreditCardList/Info.plist;
				INFOPLIST_KEY_UIApplicationSupportsIndirectInputEvents = YES;
				INFOPLIST_KEY_UILaunchStoryboardName = LaunchScreen;
				INFOPLIST_KEY_UIMainStoryboardFile = Main;
				INFOPLIST_KEY_UISupportedInterfaceOrientations_iPad = "UIInterfaceOrientationPortrait UIInterfaceOrientationPortraitUpsideDown UIInterfaceOrientationLandscapeLeft UIInterfaceOrientationLandscapeRight";
				INFOPLIST_KEY_UISupportedInterfaceOrientations_iPhone = "UIInterfaceOrientationPortrait UIInterfaceOrientationLandscapeLeft UIInterfaceOrientationLandscapeRight";
				LD_RUNPATH_SEARCH_PATHS = (
					"$(inherited)",
					"@executable_path/Frameworks",
				);
				MARKETING_VERSION = 1.0;
				PRODUCT_BUNDLE_IDENTIFIER = kr.or.hongjeonggi.CreditCardList;
				PRODUCT_NAME = "$(TARGET_NAME)";
				SWIFT_EMIT_LOC_STRINGS = YES;
				SWIFT_VERSION = 5.0;
				TARGETED_DEVICE_FAMILY = "1,2";
			};
			name = Release;
		};
/* End XCBuildConfiguration section */

/* Begin XCConfigurationList section */
		D6698D3A2737EE240018AF7E /* Build configuration list for PBXProject "CreditCardList" */ = {
			isa = XCConfigurationList;
			buildConfigurations = (
				D6698D512737EE250018AF7E /* Debug */,
				D6698D522737EE250018AF7E /* Release */,
			);
			defaultConfigurationIsVisible = 0;
			defaultConfigurationName = Release;
		};
		D6698D532737EE250018AF7E /* Build configuration list for PBXNativeTarget "CreditCardList" */ = {
			isa = XCConfigurationList;
			buildConfigurations = (
				D6698D542737EE250018AF7E /* Debug */,
				D6698D552737EE250018AF7E /* Release */,
			);
			defaultConfigurationIsVisible = 0;
			defaultConfigurationName = Release;
		};
/* End XCConfigurationList section */
	};
	rootObject = D6698D372737EE240018AF7E /* Project object */;
}
