// !$*UTF8*$!
{
	archiveVersion = 1;
	classes = {
	};
	objectVersion = 55;
	objects = {

/* Begin PBXBuildFile section */
		D69C0EF927ABD234001F56BD /* AppDelegate.swift in Sources */ = {isa = PBXBuildFile; fileRef = D69C0EF827ABD234001F56BD /* AppDelegate.swift */; };
		D69C0EFB27ABD234001F56BD /* SceneDelegate.swift in Sources */ = {isa = PBXBuildFile; fileRef = D69C0EFA27ABD234001F56BD /* SceneDelegate.swift */; };
		D69C0EFD27ABD234001F56BD /* ViewController.swift in Sources */ = {isa = PBXBuildFile; fileRef = D69C0EFC27ABD234001F56BD /* ViewController.swift */; };
		D69C0F0027ABD234001F56BD /* Main.storyboard in Resources */ = {isa = PBXBuildFile; fileRef = D69C0EFE27ABD234001F56BD /* Main.storyboard */; };
		D69C0F0227ABD235001F56BD /* Assets.xcassets in Resources */ = {isa = PBXBuildFile; fileRef = D69C0F0127ABD235001F56BD /* Assets.xcassets */; };
		D69C0F0527ABD235001F56BD /* LaunchScreen.storyboard in Resources */ = {isa = PBXBuildFile; fileRef = D69C0F0327ABD235001F56BD /* LaunchScreen.storyboard */; };
		D6D9353327ABD259001B460A /* RxCocoa in Frameworks */ = {isa = PBXBuildFile; productRef = D6D9353227ABD259001B460A /* RxCocoa */; };
		D6D9353527ABD259001B460A /* RxSwift in Frameworks */ = {isa = PBXBuildFile; productRef = D6D9353427ABD259001B460A /* RxSwift */; };
/* End PBXBuildFile section */

/* Begin PBXFileReference section */
		D69C0EF527ABD234001F56BD /* CombiningOperators.app */ = {isa = PBXFileReference; explicitFileType = wrapper.application; includeInIndex = 0; path = CombiningOperators.app; sourceTree = BUILT_PRODUCTS_DIR; };
		D69C0EF827ABD234001F56BD /* AppDelegate.swift */ = {isa = PBXFileReference; lastKnownFileType = sourcecode.swift; path = AppDelegate.swift; sourceTree = "<group>"; };
		D69C0EFA27ABD234001F56BD /* SceneDelegate.swift */ = {isa = PBXFileReference; lastKnownFileType = sourcecode.swift; path = SceneDelegate.swift; sourceTree = "<group>"; };
		D69C0EFC27ABD234001F56BD /* ViewController.swift */ = {isa = PBXFileReference; lastKnownFileType = sourcecode.swift; path = ViewController.swift; sourceTree = "<group>"; };
		D69C0EFF27ABD234001F56BD /* Base */ = {isa = PBXFileReference; lastKnownFileType = file.storyboard; name = Base; path = Base.lproj/Main.storyboard; sourceTree = "<group>"; };
		D69C0F0127ABD235001F56BD /* Assets.xcassets */ = {isa = PBXFileReference; lastKnownFileType = folder.assetcatalog; path = Assets.xcassets; sourceTree = "<group>"; };
		D69C0F0427ABD235001F56BD /* Base */ = {isa = PBXFileReference; lastKnownFileType = file.storyboard; name = Base; path = Base.lproj/LaunchScreen.storyboard; sourceTree = "<group>"; };
		D69C0F0627ABD235001F56BD /* Info.plist */ = {isa = PBXFileReference; lastKnownFileType = text.plist.xml; path = Info.plist; sourceTree = "<group>"; };
/* End PBXFileReference section */

/* Begin PBXFrameworksBuildPhase section */
		D69C0EF227ABD234001F56BD /* Frameworks */ = {
			isa = PBXFrameworksBuildPhase;
			buildActionMask = 2147483647;
			files = (
				D6D9353527ABD259001B460A /* RxSwift in Frameworks */,
				D6D9353327ABD259001B460A /* RxCocoa in Frameworks */,
			);
			runOnlyForDeploymentPostprocessing = 0;
		};
/* End PBXFrameworksBuildPhase section */

/* Begin PBXGroup section */
		D69C0EEC27ABD234001F56BD = {
			isa = PBXGroup;
			children = (
				D69C0EF727ABD234001F56BD /* CombiningOperators */,
				D69C0EF627ABD234001F56BD /* Products */,
			);
			sourceTree = "<group>";
		};
		D69C0EF627ABD234001F56BD /* Products */ = {
			isa = PBXGroup;
			children = (
				D69C0EF527ABD234001F56BD /* CombiningOperators.app */,
			);
			name = Products;
			sourceTree = "<group>";
		};
		D69C0EF727ABD234001F56BD /* CombiningOperators */ = {
			isa = PBXGroup;
			children = (
				D69C0EF827ABD234001F56BD /* AppDelegate.swift */,
				D69C0EFA27ABD234001F56BD /* SceneDelegate.swift */,
				D69C0EFC27ABD234001F56BD /* ViewController.swift */,
				D69C0EFE27ABD234001F56BD /* Main.storyboard */,
				D69C0F0127ABD235001F56BD /* Assets.xcassets */,
				D69C0F0327ABD235001F56BD /* LaunchScreen.storyboard */,
				D69C0F0627ABD235001F56BD /* Info.plist */,
			);
			path = CombiningOperators;
			sourceTree = "<group>";
		};
/* End PBXGroup section */

/* Begin PBXNativeTarget section */
		D69C0EF427ABD234001F56BD /* CombiningOperators */ = {
			isa = PBXNativeTarget;
			buildConfigurationList = D69C0F0927ABD235001F56BD /* Build configuration list for PBXNativeTarget "CombiningOperators" */;
			buildPhases = (
				D69C0EF127ABD234001F56BD /* Sources */,
				D69C0EF227ABD234001F56BD /* Frameworks */,
				D69C0EF327ABD234001F56BD /* Resources */,
			);
			buildRules = (
			);
			dependencies = (
			);
			name = CombiningOperators;
			packageProductDependencies = (
				D6D9353227ABD259001B460A /* RxCocoa */,
				D6D9353427ABD259001B460A /* RxSwift */,
			);
			productName = CombiningOperators;
			productReference = D69C0EF527ABD234001F56BD /* CombiningOperators.app */;
			productType = "com.apple.product-type.application";
		};
/* End PBXNativeTarget section */

/* Begin PBXProject section */
		D69C0EED27ABD234001F56BD /* Project object */ = {
			isa = PBXProject;
			attributes = {
				BuildIndependentTargetsInParallel = 1;
				LastSwiftUpdateCheck = 1310;
				LastUpgradeCheck = 1310;
				TargetAttributes = {
					D69C0EF427ABD234001F56BD = {
						CreatedOnToolsVersion = 13.1;
					};
				};
			};
			buildConfigurationList = D69C0EF027ABD234001F56BD /* Build configuration list for PBXProject "CombiningOperators" */;
			compatibilityVersion = "Xcode 13.0";
			developmentRegion = en;
			hasScannedForEncodings = 0;
			knownRegions = (
				en,
				Base,
			);
			mainGroup = D69C0EEC27ABD234001F56BD;
			packageReferences = (
				D6D9353127ABD259001B460A /* XCRemoteSwiftPackageReference "RxSwift" */,
			);
			productRefGroup = D69C0EF627ABD234001F56BD /* Products */;
			projectDirPath = "";
			projectRoot = "";
			targets = (
				D69C0EF427ABD234001F56BD /* CombiningOperators */,
			);
		};
/* End PBXProject section */

/* Begin PBXResourcesBuildPhase section */
		D69C0EF327ABD234001F56BD /* Resources */ = {
			isa = PBXResourcesBuildPhase;
			buildActionMask = 2147483647;
			files = (
				D69C0F0527ABD235001F56BD /* LaunchScreen.storyboard in Resources */,
				D69C0F0227ABD235001F56BD /* Assets.xcassets in Resources */,
				D69C0F0027ABD234001F56BD /* Main.storyboard in Resources */,
			);
			runOnlyForDeploymentPostprocessing = 0;
		};
/* End PBXResourcesBuildPhase section */

/* Begin PBXSourcesBuildPhase section */
		D69C0EF127ABD234001F56BD /* Sources */ = {
			isa = PBXSourcesBuildPhase;
			buildActionMask = 2147483647;
			files = (
				D69C0EFD27ABD234001F56BD /* ViewController.swift in Sources */,
				D69C0EF927ABD234001F56BD /* AppDelegate.swift in Sources */,
				D69C0EFB27ABD234001F56BD /* SceneDelegate.swift in Sources */,
			);
			runOnlyForDeploymentPostprocessing = 0;
		};
/* End PBXSourcesBuildPhase section */

/* Begin PBXVariantGroup section */
		D69C0EFE27ABD234001F56BD /* Main.storyboard */ = {
			isa = PBXVariantGroup;
			children = (
				D69C0EFF27ABD234001F56BD /* Base */,
			);
			name = Main.storyboard;
			sourceTree = "<group>";
		};
		D69C0F0327ABD235001F56BD /* LaunchScreen.storyboard */ = {
			isa = PBXVariantGroup;
			children = (
				D69C0F0427ABD235001F56BD /* Base */,
			);
			name = LaunchScreen.storyboard;
			sourceTree = "<group>";
		};
/* End PBXVariantGroup section */

/* Begin XCBuildConfiguration section */
		D69C0F0727ABD235001F56BD /* Debug */ = {
			isa = XCBuildConfiguration;
			buildSettings = {
				ALWAYS_SEARCH_USER_PATHS = NO;
				CLANG_ANALYZER_NONNULL = YES;
				CLANG_ANALYZER_NUMBER_OBJECT_CONVERSION = YES_AGGRESSIVE;
				CLANG_CXX_LANGUAGE_STANDARD = "gnu++17";
				CLANG_CXX_LIBRARY = "libc++";
				CLANG_ENABLE_MODULES = YES;
				CLANG_ENABLE_OBJC_ARC = YES;
				CLANG_ENABLE_OBJC_WEAK = YES;
				CLANG_WARN_BLOCK_CAPTURE_AUTORELEASING = YES;
				CLANG_WARN_BOOL_CONVERSION = YES;
				CLANG_WARN_COMMA = YES;
				CLANG_WARN_CONSTANT_CONVERSION = YES;
				CLANG_WARN_DEPRECATED_OBJC_IMPLEMENTATIONS = YES;
				CLANG_WARN_DIRECT_OBJC_ISA_USAGE = YES_ERROR;
				CLANG_WARN_DOCUMENTATION_COMMENTS = YES;
				CLANG_WARN_EMPTY_BODY = YES;
				CLANG_WARN_ENUM_CONVERSION = YES;
				CLANG_WARN_INFINITE_RECURSION = YES;
				CLANG_WARN_INT_CONVERSION = YES;
				CLANG_WARN_NON_LITERAL_NULL_CONVERSION = YES;
				CLANG_WARN_OBJC_IMPLICIT_RETAIN_SELF = YES;
				CLANG_WARN_OBJC_LITERAL_CONVERSION = YES;
				CLANG_WARN_OBJC_ROOT_CLASS = YES_ERROR;
				CLANG_WARN_QUOTED_INCLUDE_IN_FRAMEWORK_HEADER = YES;
				CLANG_WARN_RANGE_LOOP_ANALYSIS = YES;
				CLANG_WARN_STRICT_PROTOTYPES = YES;
				CLANG_WARN_SUSPICIOUS_MOVE = YES;
				CLANG_WARN_UNGUARDED_AVAILABILITY = YES_AGGRESSIVE;
				CLANG_WARN_UNREACHABLE_CODE = YES;
				CLANG_WARN__DUPLICATE_METHOD_MATCH = YES;
				COPY_PHASE_STRIP = NO;
				DEBUG_INFORMATION_FORMAT = dwarf;
				ENABLE_STRICT_OBJC_MSGSEND = YES;
				ENABLE_TESTABILITY = YES;
				GCC_C_LANGUAGE_STANDARD = gnu11;
				GCC_DYNAMIC_NO_PIC = NO;
				GCC_NO_COMMON_BLOCKS = YES;
				GCC_OPTIMIZATION_LEVEL = 0;
				GCC_PREPROCESSOR_DEFINITIONS = (
					"DEBUG=1",
					"$(inherited)",
				);
				GCC_WARN_64_TO_32_BIT_CONVERSION = YES;
				GCC_WARN_ABOUT_RETURN_TYPE = YES_ERROR;
				GCC_WARN_UNDECLARED_SELECTOR = YES;
				GCC_WARN_UNINITIALIZED_AUTOS = YES_AGGRESSIVE;
				GCC_WARN_UNUSED_FUNCTION = YES;
				GCC_WARN_UNUSED_VARIABLE = YES;
				IPHONEOS_DEPLOYMENT_TARGET = 15.0;
				MTL_ENABLE_DEBUG_INFO = INCLUDE_SOURCE;
				MTL_FAST_MATH = YES;
				ONLY_ACTIVE_ARCH = YES;
				SDKROOT = iphoneos;
				SWIFT_ACTIVE_COMPILATION_CONDITIONS = DEBUG;
				SWIFT_OPTIMIZATION_LEVEL = "-Onone";
			};
			name = Debug;
		};
		D69C0F0827ABD235001F56BD /* Release */ = {
			isa = XCBuildConfiguration;
			buildSettings = {
				ALWAYS_SEARCH_USER_PATHS = NO;
				CLANG_ANALYZER_NONNULL = YES;
				CLANG_ANALYZER_NUMBER_OBJECT_CONVERSION = YES_AGGRESSIVE;
				CLANG_CXX_LANGUAGE_STANDARD = "gnu++17";
				CLANG_CXX_LIBRARY = "libc++";
				CLANG_ENABLE_MODULES = YES;
				CLANG_ENABLE_OBJC_ARC = YES;
				CLANG_ENABLE_OBJC_WEAK = YES;
				CLANG_WARN_BLOCK_CAPTURE_AUTORELEASING = YES;
				CLANG_WARN_BOOL_CONVERSION = YES;
				CLANG_WARN_COMMA = YES;
				CLANG_WARN_CONSTANT_CONVERSION = YES;
				CLANG_WARN_DEPRECATED_OBJC_IMPLEMENTATIONS = YES;
				CLANG_WARN_DIRECT_OBJC_ISA_USAGE = YES_ERROR;
				CLANG_WARN_DOCUMENTATION_COMMENTS = YES;
				CLANG_WARN_EMPTY_BODY = YES;
				CLANG_WARN_ENUM_CONVERSION = YES;
				CLANG_WARN_INFINITE_RECURSION = YES;
				CLANG_WARN_INT_CONVERSION = YES;
				CLANG_WARN_NON_LITERAL_NULL_CONVERSION = YES;
				CLANG_WARN_OBJC_IMPLICIT_RETAIN_SELF = YES;
				CLANG_WARN_OBJC_LITERAL_CONVERSION = YES;
				CLANG_WARN_OBJC_ROOT_CLASS = YES_ERROR;
				CLANG_WARN_QUOTED_INCLUDE_IN_FRAMEWORK_HEADER = YES;
				CLANG_WARN_RANGE_LOOP_ANALYSIS = YES;
				CLANG_WARN_STRICT_PROTOTYPES = YES;
				CLANG_WARN_SUSPICIOUS_MOVE = YES;
				CLANG_WARN_UNGUARDED_AVAILABILITY = YES_AGGRESSIVE;
				CLANG_WARN_UNREACHABLE_CODE = YES;
				CLANG_WARN__DUPLICATE_METHOD_MATCH = YES;
				COPY_PHASE_STRIP = NO;
				DEBUG_INFORMATION_FORMAT = "dwarf-with-dsym";
				ENABLE_NS_ASSERTIONS = NO;
				ENABLE_STRICT_OBJC_MSGSEND = YES;
				GCC_C_LANGUAGE_STANDARD = gnu11;
				GCC_NO_COMMON_BLOCKS = YES;
				GCC_WARN_64_TO_32_BIT_CONVERSION = YES;
				GCC_WARN_ABOUT_RETURN_TYPE = YES_ERROR;
				GCC_WARN_UNDECLARED_SELECTOR = YES;
				GCC_WARN_UNINITIALIZED_AUTOS = YES_AGGRESSIVE;
				GCC_WARN_UNUSED_FUNCTION = YES;
				GCC_WARN_UNUSED_VARIABLE = YES;
				IPHONEOS_DEPLOYMENT_TARGET = 15.0;
				MTL_ENABLE_DEBUG_INFO = NO;
				MTL_FAST_MATH = YES;
				SDKROOT = iphoneos;
				SWIFT_COMPILATION_MODE = wholemodule;
				SWIFT_OPTIMIZATION_LEVEL = "-O";
				VALIDATE_PRODUCT = YES;
			};
			name = Release;
		};
		D69C0F0A27ABD235001F56BD /* Debug */ = {
			isa = XCBuildConfiguration;
			buildSettings = {
				ASSETCATALOG_COMPILER_APPICON_NAME = AppIcon;
				ASSETCATALOG_COMPILER_GLOBAL_ACCENT_COLOR_NAME = AccentColor;
				CODE_SIGN_STYLE = Automatic;
				CURRENT_PROJECT_VERSION = 1;
				GENERATE_INFOPLIST_FILE = YES;
				INFOPLIST_FILE = CombiningOperators/Info.plist;
				INFOPLIST_KEY_UIApplicationSupportsIndirectInputEvents = YES;
				INFOPLIST_KEY_UILaunchStoryboardName = LaunchScreen;
				INFOPLIST_KEY_UIMainStoryboardFile = Main;
				INFOPLIST_KEY_UISupportedInterfaceOrientations_iPad = "UIInterfaceOrientationPortrait UIInterfaceOrientationPortraitUpsideDown UIInterfaceOrientationLandscapeLeft UIInterfaceOrientationLandscapeRight";
				INFOPLIST_KEY_UISupportedInterfaceOrientations_iPhone = "UIInterfaceOrientationPortrait UIInterfaceOrientationLandscapeLeft UIInterfaceOrientationLandscapeRight";
				LD_RUNPATH_SEARCH_PATHS = (
					"$(inherited)",
					"@executable_path/Frameworks",
				);
				MARKETING_VERSION = 1.0;
				PRODUCT_BUNDLE_IDENTIFIER = jeonggi.CombiningOperators;
				PRODUCT_NAME = "$(TARGET_NAME)";
				SWIFT_EMIT_LOC_STRINGS = YES;
				SWIFT_VERSION = 5.0;
				TARGETED_DEVICE_FAMILY = "1,2";
			};
			name = Debug;
		};
		D69C0F0B27ABD235001F56BD /* Release */ = {
			isa = XCBuildConfiguration;
			buildSettings = {
				ASSETCATALOG_COMPILER_APPICON_NAME = AppIcon;
				ASSETCATALOG_COMPILER_GLOBAL_ACCENT_COLOR_NAME = AccentColor;
				CODE_SIGN_STYLE = Automatic;
				CURRENT_PROJECT_VERSION = 1;
				GENERATE_INFOPLIST_FILE = YES;
				INFOPLIST_FILE = CombiningOperators/Info.plist;
				INFOPLIST_KEY_UIApplicationSupportsIndirectInputEvents = YES;
				INFOPLIST_KEY_UILaunchStoryboardName = LaunchScreen;
				INFOPLIST_KEY_UIMainStoryboardFile = Main;
				INFOPLIST_KEY_UISupportedInterfaceOrientations_iPad = "UIInterfaceOrientationPortrait UIInterfaceOrientationPortraitUpsideDown UIInterfaceOrientationLandscapeLeft UIInterfaceOrientationLandscapeRight";
				INFOPLIST_KEY_UISupportedInterfaceOrientations_iPhone = "UIInterfaceOrientationPortrait UIInterfaceOrientationLandscapeLeft UIInterfaceOrientationLandscapeRight";
				LD_RUNPATH_SEARCH_PATHS = (
					"$(inherited)",
					"@executable_path/Frameworks",
				);
				MARKETING_VERSION = 1.0;
				PRODUCT_BUNDLE_IDENTIFIER = jeonggi.CombiningOperators;
				PRODUCT_NAME = "$(TARGET_NAME)";
				SWIFT_EMIT_LOC_STRINGS = YES;
				SWIFT_VERSION = 5.0;
				TARGETED_DEVICE_FAMILY = "1,2";
			};
			name = Release;
		};
/* End XCBuildConfiguration section */

/* Begin XCConfigurationList section */
		D69C0EF027ABD234001F56BD /* Build configuration list for PBXProject "CombiningOperators" */ = {
			isa = XCConfigurationList;
			buildConfigurations = (
				D69C0F0727ABD235001F56BD /* Debug */,
				D69C0F0827ABD235001F56BD /* Release */,
			);
			defaultConfigurationIsVisible = 0;
			defaultConfigurationName = Release;
		};
		D69C0F0927ABD235001F56BD /* Build configuration list for PBXNativeTarget "CombiningOperators" */ = {
			isa = XCConfigurationList;
			buildConfigurations = (
				D69C0F0A27ABD235001F56BD /* Debug */,
				D69C0F0B27ABD235001F56BD /* Release */,
			);
			defaultConfigurationIsVisible = 0;
			defaultConfigurationName = Release;
		};
/* End XCConfigurationList section */

/* Begin XCRemoteSwiftPackageReference section */
		D6D9353127ABD259001B460A /* XCRemoteSwiftPackageReference "RxSwift" */ = {
			isa = XCRemoteSwiftPackageReference;
			repositoryURL = "https://github.com/ReactiveX/RxSwift.git";
			requirement = {
				kind = upToNextMajorVersion;
				minimumVersion = 6.0.0;
			};
		};
/* End XCRemoteSwiftPackageReference section */

/* Begin XCSwiftPackageProductDependency section */
		D6D9353227ABD259001B460A /* RxCocoa */ = {
			isa = XCSwiftPackageProductDependency;
			package = D6D9353127ABD259001B460A /* XCRemoteSwiftPackageReference "RxSwift" */;
			productName = RxCocoa;
		};
		D6D9353427ABD259001B460A /* RxSwift */ = {
			isa = XCSwiftPackageProductDependency;
			package = D6D9353127ABD259001B460A /* XCRemoteSwiftPackageReference "RxSwift" */;
			productName = RxSwift;
		};
/* End XCSwiftPackageProductDependency section */
	};
	rootObject = D69C0EED27ABD234001F56BD /* Project object */;
}
